// !$*UTF8*$!
{
	archiveVersion = 1;
	classes = {
	};
	objectVersion = 51;
	objects = {

/* Begin PBXBuildFile section */
		0799DB08234F0A870075314E /* Logging.swift in Sources */ = {isa = PBXBuildFile; fileRef = 0799DAD3234F0A870075314E /* Logging.swift */; };
		0799DB09234F0A870075314E /* UIImage+CorderRadius.swift in Sources */ = {isa = PBXBuildFile; fileRef = 0799DAD6234F0A870075314E /* UIImage+CorderRadius.swift */; };
		0799DB0A234F0A870075314E /* UIImage+Colors.swift in Sources */ = {isa = PBXBuildFile; fileRef = 0799DAD7234F0A870075314E /* UIImage+Colors.swift */; };
		0799DB0B234F0A870075314E /* UIImage+ColorImages.swift in Sources */ = {isa = PBXBuildFile; fileRef = 0799DAD8234F0A870075314E /* UIImage+ColorImages.swift */; };
		0799DB0C234F0A870075314E /* UIImage+Scaling.swift in Sources */ = {isa = PBXBuildFile; fileRef = 0799DAD9234F0A870075314E /* UIImage+Scaling.swift */; };
		0799DB0D234F0A870075314E /* UIImage+FixOrientation.swift in Sources */ = {isa = PBXBuildFile; fileRef = 0799DADA234F0A870075314E /* UIImage+FixOrientation.swift */; };
		0799DB0E234F0A870075314E /* CoreGraphics+Helpers.swift in Sources */ = {isa = PBXBuildFile; fileRef = 0799DADB234F0A870075314E /* CoreGraphics+Helpers.swift */; };
		0799DB0F234F0A870075314E /* UIStoryboard+Identifier.swift in Sources */ = {isa = PBXBuildFile; fileRef = 0799DADC234F0A870075314E /* UIStoryboard+Identifier.swift */; };
		0799DB10234F0A880075314E /* UIColor+ColorComponents.swift in Sources */ = {isa = PBXBuildFile; fileRef = 0799DADE234F0A870075314E /* UIColor+ColorComponents.swift */; };
		0799DB11234F0A880075314E /* UIColor+Hex.swift in Sources */ = {isa = PBXBuildFile; fileRef = 0799DADF234F0A870075314E /* UIColor+Hex.swift */; };
		0799DB12234F0A880075314E /* UIDevice+Hardware.swift in Sources */ = {isa = PBXBuildFile; fileRef = 0799DAE0234F0A870075314E /* UIDevice+Hardware.swift */; };
		0799DB13234F0A880075314E /* UIGraphicsImageRenderer+Format.swift in Sources */ = {isa = PBXBuildFile; fileRef = 0799DAE1234F0A870075314E /* UIGraphicsImageRenderer+Format.swift */; };
		0799DB14234F0A880075314E /* UIEdgeInsets+AutoLayout.swift in Sources */ = {isa = PBXBuildFile; fileRef = 0799DAE2234F0A870075314E /* UIEdgeInsets+AutoLayout.swift */; };
		0799DB15234F0A880075314E /* UIImageView+AnimatedImageChange.swift in Sources */ = {isa = PBXBuildFile; fileRef = 0799DAE3234F0A870075314E /* UIImageView+AnimatedImageChange.swift */; };
		0799DB16234F0A880075314E /* UIApplication+AppStore.swift in Sources */ = {isa = PBXBuildFile; fileRef = 0799DAE4234F0A870075314E /* UIApplication+AppStore.swift */; };
		0799DB17234F0A880075314E /* UIImageView+Scales.swift in Sources */ = {isa = PBXBuildFile; fileRef = 0799DAE5234F0A870075314E /* UIImageView+Scales.swift */; };
		0799DB18234F0A880075314E /* UIView+AutoLayout.swift in Sources */ = {isa = PBXBuildFile; fileRef = 0799DAE6234F0A870075314E /* UIView+AutoLayout.swift */; };
		0799DB19234F0A880075314E /* UIEdgeInsets+Init.swift in Sources */ = {isa = PBXBuildFile; fileRef = 0799DAE7234F0A870075314E /* UIEdgeInsets+Init.swift */; };
		0799DB1A234F0A880075314E /* CALayer+AnimationKey.swift in Sources */ = {isa = PBXBuildFile; fileRef = 0799DAE8234F0A870075314E /* CALayer+AnimationKey.swift */; };
		0799DB1B234F0A880075314E /* SwiftSupport.swift in Sources */ = {isa = PBXBuildFile; fileRef = 0799DAE9234F0A870075314E /* SwiftSupport.swift */; };
		0799DB1C234F0A880075314E /* UIResponder+FirstResponder.swift in Sources */ = {isa = PBXBuildFile; fileRef = 0799DAEA234F0A870075314E /* UIResponder+FirstResponder.swift */; };
		0799DB1D234F0A880075314E /* UIScrollView+Keyboard.swift in Sources */ = {isa = PBXBuildFile; fileRef = 0799DAEB234F0A870075314E /* UIScrollView+Keyboard.swift */; };
		0799DB1E234F0A880075314E /* UIViewController+Foremost.swift in Sources */ = {isa = PBXBuildFile; fileRef = 0799DAEC234F0A870075314E /* UIViewController+Foremost.swift */; };
		0799DB1F234F0A880075314E /* UITableView+AnimatedArrayUpdate.swift in Sources */ = {isa = PBXBuildFile; fileRef = 0799DAED234F0A870075314E /* UITableView+AnimatedArrayUpdate.swift */; };
		0799DB20234F0A880075314E /* LicenseDetailViewController.swift in Sources */ = {isa = PBXBuildFile; fileRef = 0799DAF0234F0A870075314E /* LicenseDetailViewController.swift */; };
		0799DB21234F0A880075314E /* LicensesTableViewController.swift in Sources */ = {isa = PBXBuildFile; fileRef = 0799DAF1234F0A870075314E /* LicensesTableViewController.swift */; };
		0799DB22234F0A880075314E /* NotificationController.swift in Sources */ = {isa = PBXBuildFile; fileRef = 0799DAF3234F0A870075314E /* NotificationController.swift */; };
		0799DB23234F0A880075314E /* NotificationAnimationController.swift in Sources */ = {isa = PBXBuildFile; fileRef = 0799DAF4234F0A870075314E /* NotificationAnimationController.swift */; };
		0799DB24234F0A880075314E /* NotificationPresentationController.swift in Sources */ = {isa = PBXBuildFile; fileRef = 0799DAF5234F0A870075314E /* NotificationPresentationController.swift */; };
		0799DB25234F0A880075314E /* FFUIKit.h in Headers */ = {isa = PBXBuildFile; fileRef = 0799DAF7234F0A870075314E /* FFUIKit.h */; settings = {ATTRIBUTES = (Public, ); }; };
		0799DB27234F0A880075314E /* License.swift in Sources */ = {isa = PBXBuildFile; fileRef = 0799DAFA234F0A870075314E /* License.swift */; };
		0799DB28234F0A880075314E /* RGBA.swift in Sources */ = {isa = PBXBuildFile; fileRef = 0799DAFC234F0A870075314E /* RGBA.swift */; };
		0799DB29234F0A880075314E /* BWA.swift in Sources */ = {isa = PBXBuildFile; fileRef = 0799DAFD234F0A870075314E /* BWA.swift */; };
		0799DB2A234F0A880075314E /* HSBA.swift in Sources */ = {isa = PBXBuildFile; fileRef = 0799DAFE234F0A870075314E /* HSBA.swift */; };
		0799DB2B234F0A880075314E /* ColorComponents.swift in Sources */ = {isa = PBXBuildFile; fileRef = 0799DAFF234F0A870075314E /* ColorComponents.swift */; };
		0799DB2C234F0A880075314E /* NotificationStyle.swift in Sources */ = {isa = PBXBuildFile; fileRef = 0799DB00234F0A870075314E /* NotificationStyle.swift */; };
		0799DB2D234F0A880075314E /* Label.swift in Sources */ = {isa = PBXBuildFile; fileRef = 0799DB02234F0A870075314E /* Label.swift */; };
		0799DB2E234F0A880075314E /* TouchAwareControl.swift in Sources */ = {isa = PBXBuildFile; fileRef = 0799DB03234F0A870075314E /* TouchAwareControl.swift */; };
		0799DB2F234F0A880075314E /* ProgressIndicatorView.swift in Sources */ = {isa = PBXBuildFile; fileRef = 0799DB04234F0A870075314E /* ProgressIndicatorView.swift */; };
		0799DB30234F0A880075314E /* NotificationView.swift in Sources */ = {isa = PBXBuildFile; fileRef = 0799DB06234F0A870075314E /* NotificationView.swift */; };
		0799DB31234F0A880075314E /* TextNotificationView.swift in Sources */ = {isa = PBXBuildFile; fileRef = 0799DB07234F0A870075314E /* TextNotificationView.swift */; };
		0799DB38234F0BD00075314E /* FFUIKitTests.swift in Sources */ = {isa = PBXBuildFile; fileRef = 0799DB33234F0BD00075314E /* FFUIKitTests.swift */; };
		0799DB3B234F0BD00075314E /* UIColor+HexTests.swift in Sources */ = {isa = PBXBuildFile; fileRef = 0799DB37234F0BD00075314E /* UIColor+HexTests.swift */; };
		07F2F45D1FB03B770064559C /* FFFoundation.framework in Frameworks */ = {isa = PBXBuildFile; fileRef = 07F2F45E1FB03B770064559C /* FFFoundation.framework */; };
		07F830051DAA7F7600DBCBAA /* FFUIKit.framework in Frameworks */ = {isa = PBXBuildFile; fileRef = 07A9C78719E3C7C4004ABC10 /* FFUIKit.framework */; };
/* End PBXBuildFile section */

/* Begin PBXContainerItemProxy section */
		07F830061DAA7F7600DBCBAA /* PBXContainerItemProxy */ = {
			isa = PBXContainerItemProxy;
			containerPortal = 07A9C77E19E3C7C4004ABC10 /* Project object */;
			proxyType = 1;
			remoteGlobalIDString = 07A9C78619E3C7C4004ABC10;
			remoteInfo = FFUIKit;
		};
/* End PBXContainerItemProxy section */

/* Begin PBXFileReference section */
		0799DAD3234F0A870075314E /* Logging.swift */ = {isa = PBXFileReference; fileEncoding = 4; lastKnownFileType = sourcecode.swift; path = Logging.swift; sourceTree = "<group>"; };
		0799DAD6234F0A870075314E /* UIImage+CorderRadius.swift */ = {isa = PBXFileReference; fileEncoding = 4; lastKnownFileType = sourcecode.swift; path = "UIImage+CorderRadius.swift"; sourceTree = "<group>"; };
		0799DAD7234F0A870075314E /* UIImage+Colors.swift */ = {isa = PBXFileReference; fileEncoding = 4; lastKnownFileType = sourcecode.swift; path = "UIImage+Colors.swift"; sourceTree = "<group>"; };
		0799DAD8234F0A870075314E /* UIImage+ColorImages.swift */ = {isa = PBXFileReference; fileEncoding = 4; lastKnownFileType = sourcecode.swift; path = "UIImage+ColorImages.swift"; sourceTree = "<group>"; };
		0799DAD9234F0A870075314E /* UIImage+Scaling.swift */ = {isa = PBXFileReference; fileEncoding = 4; lastKnownFileType = sourcecode.swift; path = "UIImage+Scaling.swift"; sourceTree = "<group>"; };
		0799DADA234F0A870075314E /* UIImage+FixOrientation.swift */ = {isa = PBXFileReference; fileEncoding = 4; lastKnownFileType = sourcecode.swift; path = "UIImage+FixOrientation.swift"; sourceTree = "<group>"; };
		0799DADB234F0A870075314E /* CoreGraphics+Helpers.swift */ = {isa = PBXFileReference; fileEncoding = 4; lastKnownFileType = sourcecode.swift; path = "CoreGraphics+Helpers.swift"; sourceTree = "<group>"; };
		0799DADC234F0A870075314E /* UIStoryboard+Identifier.swift */ = {isa = PBXFileReference; fileEncoding = 4; lastKnownFileType = sourcecode.swift; path = "UIStoryboard+Identifier.swift"; sourceTree = "<group>"; };
		0799DADE234F0A870075314E /* UIColor+ColorComponents.swift */ = {isa = PBXFileReference; fileEncoding = 4; lastKnownFileType = sourcecode.swift; path = "UIColor+ColorComponents.swift"; sourceTree = "<group>"; };
		0799DADF234F0A870075314E /* UIColor+Hex.swift */ = {isa = PBXFileReference; fileEncoding = 4; lastKnownFileType = sourcecode.swift; path = "UIColor+Hex.swift"; sourceTree = "<group>"; };
		0799DAE0234F0A870075314E /* UIDevice+Hardware.swift */ = {isa = PBXFileReference; fileEncoding = 4; lastKnownFileType = sourcecode.swift; path = "UIDevice+Hardware.swift"; sourceTree = "<group>"; };
		0799DAE1234F0A870075314E /* UIGraphicsImageRenderer+Format.swift */ = {isa = PBXFileReference; fileEncoding = 4; lastKnownFileType = sourcecode.swift; path = "UIGraphicsImageRenderer+Format.swift"; sourceTree = "<group>"; };
		0799DAE2234F0A870075314E /* UIEdgeInsets+AutoLayout.swift */ = {isa = PBXFileReference; fileEncoding = 4; lastKnownFileType = sourcecode.swift; path = "UIEdgeInsets+AutoLayout.swift"; sourceTree = "<group>"; };
		0799DAE3234F0A870075314E /* UIImageView+AnimatedImageChange.swift */ = {isa = PBXFileReference; fileEncoding = 4; lastKnownFileType = sourcecode.swift; path = "UIImageView+AnimatedImageChange.swift"; sourceTree = "<group>"; };
		0799DAE4234F0A870075314E /* UIApplication+AppStore.swift */ = {isa = PBXFileReference; fileEncoding = 4; lastKnownFileType = sourcecode.swift; path = "UIApplication+AppStore.swift"; sourceTree = "<group>"; };
		0799DAE5234F0A870075314E /* UIImageView+Scales.swift */ = {isa = PBXFileReference; fileEncoding = 4; lastKnownFileType = sourcecode.swift; path = "UIImageView+Scales.swift"; sourceTree = "<group>"; };
		0799DAE6234F0A870075314E /* UIView+AutoLayout.swift */ = {isa = PBXFileReference; fileEncoding = 4; lastKnownFileType = sourcecode.swift; path = "UIView+AutoLayout.swift"; sourceTree = "<group>"; };
		0799DAE7234F0A870075314E /* UIEdgeInsets+Init.swift */ = {isa = PBXFileReference; fileEncoding = 4; lastKnownFileType = sourcecode.swift; path = "UIEdgeInsets+Init.swift"; sourceTree = "<group>"; };
		0799DAE8234F0A870075314E /* CALayer+AnimationKey.swift */ = {isa = PBXFileReference; fileEncoding = 4; lastKnownFileType = sourcecode.swift; path = "CALayer+AnimationKey.swift"; sourceTree = "<group>"; };
		0799DAE9234F0A870075314E /* SwiftSupport.swift */ = {isa = PBXFileReference; fileEncoding = 4; lastKnownFileType = sourcecode.swift; path = SwiftSupport.swift; sourceTree = "<group>"; };
		0799DAEA234F0A870075314E /* UIResponder+FirstResponder.swift */ = {isa = PBXFileReference; fileEncoding = 4; lastKnownFileType = sourcecode.swift; path = "UIResponder+FirstResponder.swift"; sourceTree = "<group>"; };
		0799DAEB234F0A870075314E /* UIScrollView+Keyboard.swift */ = {isa = PBXFileReference; fileEncoding = 4; lastKnownFileType = sourcecode.swift; path = "UIScrollView+Keyboard.swift"; sourceTree = "<group>"; };
		0799DAEC234F0A870075314E /* UIViewController+Foremost.swift */ = {isa = PBXFileReference; fileEncoding = 4; lastKnownFileType = sourcecode.swift; path = "UIViewController+Foremost.swift"; sourceTree = "<group>"; };
		0799DAED234F0A870075314E /* UITableView+AnimatedArrayUpdate.swift */ = {isa = PBXFileReference; fileEncoding = 4; lastKnownFileType = sourcecode.swift; path = "UITableView+AnimatedArrayUpdate.swift"; sourceTree = "<group>"; };
		0799DAF0234F0A870075314E /* LicenseDetailViewController.swift */ = {isa = PBXFileReference; fileEncoding = 4; lastKnownFileType = sourcecode.swift; path = LicenseDetailViewController.swift; sourceTree = "<group>"; };
		0799DAF1234F0A870075314E /* LicensesTableViewController.swift */ = {isa = PBXFileReference; fileEncoding = 4; lastKnownFileType = sourcecode.swift; path = LicensesTableViewController.swift; sourceTree = "<group>"; };
		0799DAF3234F0A870075314E /* NotificationController.swift */ = {isa = PBXFileReference; fileEncoding = 4; lastKnownFileType = sourcecode.swift; path = NotificationController.swift; sourceTree = "<group>"; };
		0799DAF4234F0A870075314E /* NotificationAnimationController.swift */ = {isa = PBXFileReference; fileEncoding = 4; lastKnownFileType = sourcecode.swift; path = NotificationAnimationController.swift; sourceTree = "<group>"; };
		0799DAF5234F0A870075314E /* NotificationPresentationController.swift */ = {isa = PBXFileReference; fileEncoding = 4; lastKnownFileType = sourcecode.swift; path = NotificationPresentationController.swift; sourceTree = "<group>"; };
		0799DAF7234F0A870075314E /* FFUIKit.h */ = {isa = PBXFileReference; fileEncoding = 4; lastKnownFileType = sourcecode.c.h; path = FFUIKit.h; sourceTree = "<group>"; };
		0799DAF8234F0A870075314E /* Info.plist */ = {isa = PBXFileReference; fileEncoding = 4; lastKnownFileType = text.plist.xml; path = Info.plist; sourceTree = "<group>"; };
		0799DAFA234F0A870075314E /* License.swift */ = {isa = PBXFileReference; fileEncoding = 4; lastKnownFileType = sourcecode.swift; path = License.swift; sourceTree = "<group>"; };
		0799DAFC234F0A870075314E /* RGBA.swift */ = {isa = PBXFileReference; fileEncoding = 4; lastKnownFileType = sourcecode.swift; path = RGBA.swift; sourceTree = "<group>"; };
		0799DAFD234F0A870075314E /* BWA.swift */ = {isa = PBXFileReference; fileEncoding = 4; lastKnownFileType = sourcecode.swift; path = BWA.swift; sourceTree = "<group>"; };
		0799DAFE234F0A870075314E /* HSBA.swift */ = {isa = PBXFileReference; fileEncoding = 4; lastKnownFileType = sourcecode.swift; path = HSBA.swift; sourceTree = "<group>"; };
		0799DAFF234F0A870075314E /* ColorComponents.swift */ = {isa = PBXFileReference; fileEncoding = 4; lastKnownFileType = sourcecode.swift; path = ColorComponents.swift; sourceTree = "<group>"; };
		0799DB00234F0A870075314E /* NotificationStyle.swift */ = {isa = PBXFileReference; fileEncoding = 4; lastKnownFileType = sourcecode.swift; path = NotificationStyle.swift; sourceTree = "<group>"; };
		0799DB02234F0A870075314E /* Label.swift */ = {isa = PBXFileReference; fileEncoding = 4; lastKnownFileType = sourcecode.swift; path = Label.swift; sourceTree = "<group>"; };
		0799DB03234F0A870075314E /* TouchAwareControl.swift */ = {isa = PBXFileReference; fileEncoding = 4; lastKnownFileType = sourcecode.swift; path = TouchAwareControl.swift; sourceTree = "<group>"; };
		0799DB04234F0A870075314E /* ProgressIndicatorView.swift */ = {isa = PBXFileReference; fileEncoding = 4; lastKnownFileType = sourcecode.swift; path = ProgressIndicatorView.swift; sourceTree = "<group>"; };
		0799DB06234F0A870075314E /* NotificationView.swift */ = {isa = PBXFileReference; fileEncoding = 4; lastKnownFileType = sourcecode.swift; path = NotificationView.swift; sourceTree = "<group>"; };
		0799DB07234F0A870075314E /* TextNotificationView.swift */ = {isa = PBXFileReference; fileEncoding = 4; lastKnownFileType = sourcecode.swift; path = TextNotificationView.swift; sourceTree = "<group>"; };
		0799DB33234F0BD00075314E /* FFUIKitTests.swift */ = {isa = PBXFileReference; fileEncoding = 4; lastKnownFileType = sourcecode.swift; path = FFUIKitTests.swift; sourceTree = "<group>"; };
		0799DB36234F0BD00075314E /* Info.plist */ = {isa = PBXFileReference; fileEncoding = 4; lastKnownFileType = text.plist.xml; path = Info.plist; sourceTree = "<group>"; };
		0799DB37234F0BD00075314E /* UIColor+HexTests.swift */ = {isa = PBXFileReference; fileEncoding = 4; lastKnownFileType = sourcecode.swift; path = "UIColor+HexTests.swift"; sourceTree = "<group>"; };
		07A9C78719E3C7C4004ABC10 /* FFUIKit.framework */ = {isa = PBXFileReference; explicitFileType = wrapper.framework; includeInIndex = 0; path = FFUIKit.framework; sourceTree = BUILT_PRODUCTS_DIR; };
		07F2F45E1FB03B770064559C /* FFFoundation.framework */ = {isa = PBXFileReference; explicitFileType = wrapper.framework; path = FFFoundation.framework; sourceTree = BUILT_PRODUCTS_DIR; };
		07F830001DAA7F7600DBCBAA /* FFUIKitTests.xctest */ = {isa = PBXFileReference; explicitFileType = wrapper.cfbundle; includeInIndex = 0; path = FFUIKitTests.xctest; sourceTree = BUILT_PRODUCTS_DIR; };
/* End PBXFileReference section */

/* Begin PBXFrameworksBuildPhase section */
		07A9C78319E3C7C4004ABC10 /* Frameworks */ = {
			isa = PBXFrameworksBuildPhase;
			buildActionMask = 2147483647;
			files = (
				07F2F45D1FB03B770064559C /* FFFoundation.framework in Frameworks */,
			);
			runOnlyForDeploymentPostprocessing = 0;
		};
		07F82FFD1DAA7F7600DBCBAA /* Frameworks */ = {
			isa = PBXFrameworksBuildPhase;
			buildActionMask = 2147483647;
			files = (
				07F830051DAA7F7600DBCBAA /* FFUIKit.framework in Frameworks */,
			);
			runOnlyForDeploymentPostprocessing = 0;
		};
/* End PBXFrameworksBuildPhase section */

/* Begin PBXGroup section */
		0799DAD2234F0A870075314E /* FFUIKit */ = {
			isa = PBXGroup;
			children = (
				0799DAD4234F0A870075314E /* Extensions */,
				0799DAEE234F0A870075314E /* ViewControllers */,
				0799DAF9234F0A870075314E /* Model */,
				0799DB01234F0A870075314E /* Views */,
				0799DAD3234F0A870075314E /* Logging.swift */,
				0799DAF6234F0A870075314E /* Supporting Files */,
			);
			name = FFUIKit;
			path = ../Sources/FFUIKit;
			sourceTree = "<group>";
		};
		0799DAD4234F0A870075314E /* Extensions */ = {
			isa = PBXGroup;
			children = (
				0799DAD5234F0A870075314E /* UIImage */,
				0799DADB234F0A870075314E /* CoreGraphics+Helpers.swift */,
				0799DADC234F0A870075314E /* UIStoryboard+Identifier.swift */,
				0799DADD234F0A870075314E /* UIColor */,
				0799DAE0234F0A870075314E /* UIDevice+Hardware.swift */,
				0799DAE1234F0A870075314E /* UIGraphicsImageRenderer+Format.swift */,
				0799DAE2234F0A870075314E /* UIEdgeInsets+AutoLayout.swift */,
				0799DAE3234F0A870075314E /* UIImageView+AnimatedImageChange.swift */,
				0799DAE4234F0A870075314E /* UIApplication+AppStore.swift */,
				0799DAE5234F0A870075314E /* UIImageView+Scales.swift */,
				0799DAE6234F0A870075314E /* UIView+AutoLayout.swift */,
				0799DAE7234F0A870075314E /* UIEdgeInsets+Init.swift */,
				0799DAE8234F0A870075314E /* CALayer+AnimationKey.swift */,
				0799DAE9234F0A870075314E /* SwiftSupport.swift */,
				0799DAEA234F0A870075314E /* UIResponder+FirstResponder.swift */,
				0799DAEB234F0A870075314E /* UIScrollView+Keyboard.swift */,
				0799DAEC234F0A870075314E /* UIViewController+Foremost.swift */,
				0799DAED234F0A870075314E /* UITableView+AnimatedArrayUpdate.swift */,
			);
			path = Extensions;
			sourceTree = "<group>";
		};
		0799DAD5234F0A870075314E /* UIImage */ = {
			isa = PBXGroup;
			children = (
				0799DAD6234F0A870075314E /* UIImage+CorderRadius.swift */,
				0799DAD7234F0A870075314E /* UIImage+Colors.swift */,
				0799DAD8234F0A870075314E /* UIImage+ColorImages.swift */,
				0799DAD9234F0A870075314E /* UIImage+Scaling.swift */,
				0799DADA234F0A870075314E /* UIImage+FixOrientation.swift */,
			);
			path = UIImage;
			sourceTree = "<group>";
		};
		0799DADD234F0A870075314E /* UIColor */ = {
			isa = PBXGroup;
			children = (
				0799DADE234F0A870075314E /* UIColor+ColorComponents.swift */,
				0799DADF234F0A870075314E /* UIColor+Hex.swift */,
			);
			path = UIColor;
			sourceTree = "<group>";
		};
		0799DAEE234F0A870075314E /* ViewControllers */ = {
			isa = PBXGroup;
			children = (
				0799DAEF234F0A870075314E /* Licenses */,
				0799DAF2234F0A870075314E /* Notifications */,
			);
			path = ViewControllers;
			sourceTree = "<group>";
		};
		0799DAEF234F0A870075314E /* Licenses */ = {
			isa = PBXGroup;
			children = (
				0799DAF0234F0A870075314E /* LicenseDetailViewController.swift */,
				0799DAF1234F0A870075314E /* LicensesTableViewController.swift */,
			);
			path = Licenses;
			sourceTree = "<group>";
		};
		0799DAF2234F0A870075314E /* Notifications */ = {
			isa = PBXGroup;
			children = (
				0799DAF3234F0A870075314E /* NotificationController.swift */,
				0799DAF4234F0A870075314E /* NotificationAnimationController.swift */,
				0799DAF5234F0A870075314E /* NotificationPresentationController.swift */,
			);
			path = Notifications;
			sourceTree = "<group>";
		};
		0799DAF6234F0A870075314E /* Supporting Files */ = {
			isa = PBXGroup;
			children = (
				0799DAF7234F0A870075314E /* FFUIKit.h */,
				0799DAF8234F0A870075314E /* Info.plist */,
			);
			path = "Supporting Files";
			sourceTree = "<group>";
		};
		0799DAF9234F0A870075314E /* Model */ = {
			isa = PBXGroup;
			children = (
				0799DAFA234F0A870075314E /* License.swift */,
				0799DAFB234F0A870075314E /* ColorComponents */,
				0799DB00234F0A870075314E /* NotificationStyle.swift */,
			);
			path = Model;
			sourceTree = "<group>";
		};
		0799DAFB234F0A870075314E /* ColorComponents */ = {
			isa = PBXGroup;
			children = (
				0799DAFC234F0A870075314E /* RGBA.swift */,
				0799DAFD234F0A870075314E /* BWA.swift */,
				0799DAFE234F0A870075314E /* HSBA.swift */,
				0799DAFF234F0A870075314E /* ColorComponents.swift */,
			);
			path = ColorComponents;
			sourceTree = "<group>";
		};
		0799DB01234F0A870075314E /* Views */ = {
			isa = PBXGroup;
			children = (
				0799DB02234F0A870075314E /* Label.swift */,
				0799DB03234F0A870075314E /* TouchAwareControl.swift */,
				0799DB04234F0A870075314E /* ProgressIndicatorView.swift */,
				0799DB05234F0A870075314E /* Notifications */,
			);
			path = Views;
			sourceTree = "<group>";
		};
		0799DB05234F0A870075314E /* Notifications */ = {
			isa = PBXGroup;
			children = (
				0799DB06234F0A870075314E /* NotificationView.swift */,
				0799DB07234F0A870075314E /* TextNotificationView.swift */,
			);
			path = Notifications;
			sourceTree = "<group>";
		};
		0799DB32234F0BD00075314E /* FFUIKitTests */ = {
			isa = PBXGroup;
			children = (
				0799DB33234F0BD00075314E /* FFUIKitTests.swift */,
				0799DB37234F0BD00075314E /* UIColor+HexTests.swift */,
				0799DB35234F0BD00075314E /* Supporting Files */,
			);
			name = FFUIKitTests;
			path = ../Tests/FFUIKitTests;
			sourceTree = "<group>";
		};
		0799DB35234F0BD00075314E /* Supporting Files */ = {
			isa = PBXGroup;
			children = (
				0799DB36234F0BD00075314E /* Info.plist */,
			);
			path = "Supporting Files";
			sourceTree = "<group>";
		};
		07A9C77D19E3C7C4004ABC10 = {
			isa = PBXGroup;
			children = (
				0799DAD2234F0A870075314E /* FFUIKit */,
				0799DB32234F0BD00075314E /* FFUIKitTests */,
				07A9C78819E3C7C4004ABC10 /* Products */,
				07F2F45C1FB03B770064559C /* Frameworks */,
			);
			sourceTree = "<group>";
		};
		07A9C78819E3C7C4004ABC10 /* Products */ = {
			isa = PBXGroup;
			children = (
				07A9C78719E3C7C4004ABC10 /* FFUIKit.framework */,
				07F830001DAA7F7600DBCBAA /* FFUIKitTests.xctest */,
			);
			name = Products;
			sourceTree = "<group>";
		};
		07F2F45C1FB03B770064559C /* Frameworks */ = {
			isa = PBXGroup;
			children = (
				07F2F45E1FB03B770064559C /* FFFoundation.framework */,
			);
			name = Frameworks;
			sourceTree = "<group>";
		};
/* End PBXGroup section */

/* Begin PBXHeadersBuildPhase section */
		07A9C78419E3C7C4004ABC10 /* Headers */ = {
			isa = PBXHeadersBuildPhase;
			buildActionMask = 2147483647;
			files = (
				0799DB25234F0A880075314E /* FFUIKit.h in Headers */,
			);
			runOnlyForDeploymentPostprocessing = 0;
		};
/* End PBXHeadersBuildPhase section */

/* Begin PBXNativeTarget section */
		07A9C78619E3C7C4004ABC10 /* FFUIKit */ = {
			isa = PBXNativeTarget;
			buildConfigurationList = 07A9C79A19E3C7C4004ABC10 /* Build configuration list for PBXNativeTarget "FFUIKit" */;
			buildPhases = (
				07A9C78419E3C7C4004ABC10 /* Headers */,
				07A9C78219E3C7C4004ABC10 /* Sources */,
				07A9C78319E3C7C4004ABC10 /* Frameworks */,
				07A9C78519E3C7C4004ABC10 /* Resources */,
			);
			buildRules = (
			);
			dependencies = (
			);
			name = FFUIKit;
			productName = FFUIKit;
			productReference = 07A9C78719E3C7C4004ABC10 /* FFUIKit.framework */;
			productType = "com.apple.product-type.framework";
		};
		07F82FFF1DAA7F7600DBCBAA /* FFUIKitTests */ = {
			isa = PBXNativeTarget;
			buildConfigurationList = 07F830081DAA7F7600DBCBAA /* Build configuration list for PBXNativeTarget "FFUIKitTests" */;
			buildPhases = (
				07F82FFC1DAA7F7600DBCBAA /* Sources */,
				07F82FFD1DAA7F7600DBCBAA /* Frameworks */,
				07F82FFE1DAA7F7600DBCBAA /* Resources */,
			);
			buildRules = (
			);
			dependencies = (
				07F830071DAA7F7600DBCBAA /* PBXTargetDependency */,
			);
			name = FFUIKitTests;
			productName = "FFUIKit Tests";
			productReference = 07F830001DAA7F7600DBCBAA /* FFUIKitTests.xctest */;
			productType = "com.apple.product-type.bundle.unit-test";
		};
/* End PBXNativeTarget section */

/* Begin PBXProject section */
		07A9C77E19E3C7C4004ABC10 /* Project object */ = {
			isa = PBXProject;
			attributes = {
				LastSwiftUpdateCheck = 0800;
				LastUpgradeCheck = 1020;
				ORGANIZATIONNAME = "Florian Friedrich";
				TargetAttributes = {
					07A9C78619E3C7C4004ABC10 = {
						CreatedOnToolsVersion = 6.0.1;
						DevelopmentTeamName = "Florian Friedrich";
						LastSwiftMigration = 1110;
						ProvisioningStyle = Automatic;
					};
					07F82FFF1DAA7F7600DBCBAA = {
						CreatedOnToolsVersion = 8.0;
						DevelopmentTeam = 8AVR59FNSV;
						ProvisioningStyle = Automatic;
					};
				};
			};
			buildConfigurationList = 07A9C78119E3C7C4004ABC10 /* Build configuration list for PBXProject "FFUIKit" */;
			compatibilityVersion = "Xcode 10.0";
			developmentRegion = en;
			hasScannedForEncodings = 0;
			knownRegions = (
				en,
				Base,
			);
			mainGroup = 07A9C77D19E3C7C4004ABC10;
			productRefGroup = 07A9C78819E3C7C4004ABC10 /* Products */;
			projectDirPath = "";
			projectRoot = "";
			targets = (
				07A9C78619E3C7C4004ABC10 /* FFUIKit */,
				07F82FFF1DAA7F7600DBCBAA /* FFUIKitTests */,
			);
		};
/* End PBXProject section */

/* Begin PBXResourcesBuildPhase section */
		07A9C78519E3C7C4004ABC10 /* Resources */ = {
			isa = PBXResourcesBuildPhase;
			buildActionMask = 2147483647;
			files = (
			);
			runOnlyForDeploymentPostprocessing = 0;
		};
		07F82FFE1DAA7F7600DBCBAA /* Resources */ = {
			isa = PBXResourcesBuildPhase;
			buildActionMask = 2147483647;
			files = (
			);
			runOnlyForDeploymentPostprocessing = 0;
		};
/* End PBXResourcesBuildPhase section */

/* Begin PBXSourcesBuildPhase section */
		07A9C78219E3C7C4004ABC10 /* Sources */ = {
			isa = PBXSourcesBuildPhase;
			buildActionMask = 2147483647;
			files = (
				0799DB1D234F0A880075314E /* UIScrollView+Keyboard.swift in Sources */,
				0799DB19234F0A880075314E /* UIEdgeInsets+Init.swift in Sources */,
				0799DB1E234F0A880075314E /* UIViewController+Foremost.swift in Sources */,
				0799DB24234F0A880075314E /* NotificationPresentationController.swift in Sources */,
				0799DB31234F0A880075314E /* TextNotificationView.swift in Sources */,
				0799DB0D234F0A870075314E /* UIImage+FixOrientation.swift in Sources */,
				0799DB18234F0A880075314E /* UIView+AutoLayout.swift in Sources */,
				0799DB21234F0A880075314E /* LicensesTableViewController.swift in Sources */,
				0799DB14234F0A880075314E /* UIEdgeInsets+AutoLayout.swift in Sources */,
				0799DB0E234F0A870075314E /* CoreGraphics+Helpers.swift in Sources */,
				0799DB0A234F0A870075314E /* UIImage+Colors.swift in Sources */,
				0799DB16234F0A880075314E /* UIApplication+AppStore.swift in Sources */,
				0799DB2C234F0A880075314E /* NotificationStyle.swift in Sources */,
				0799DB28234F0A880075314E /* RGBA.swift in Sources */,
				0799DB20234F0A880075314E /* LicenseDetailViewController.swift in Sources */,
				0799DB2D234F0A880075314E /* Label.swift in Sources */,
				0799DB1F234F0A880075314E /* UITableView+AnimatedArrayUpdate.swift in Sources */,
				0799DB17234F0A880075314E /* UIImageView+Scales.swift in Sources */,
				0799DB10234F0A880075314E /* UIColor+ColorComponents.swift in Sources */,
				0799DB0C234F0A870075314E /* UIImage+Scaling.swift in Sources */,
				0799DB22234F0A880075314E /* NotificationController.swift in Sources */,
				0799DB2E234F0A880075314E /* TouchAwareControl.swift in Sources */,
				0799DB27234F0A880075314E /* License.swift in Sources */,
				0799DB0B234F0A870075314E /* UIImage+ColorImages.swift in Sources */,
				0799DB1B234F0A880075314E /* SwiftSupport.swift in Sources */,
				0799DB1C234F0A880075314E /* UIResponder+FirstResponder.swift in Sources */,
				0799DB0F234F0A870075314E /* UIStoryboard+Identifier.swift in Sources */,
				0799DB09234F0A870075314E /* UIImage+CorderRadius.swift in Sources */,
				0799DB2F234F0A880075314E /* ProgressIndicatorView.swift in Sources */,
				0799DB2A234F0A880075314E /* HSBA.swift in Sources */,
				0799DB30234F0A880075314E /* NotificationView.swift in Sources */,
				0799DB13234F0A880075314E /* UIGraphicsImageRenderer+Format.swift in Sources */,
				0799DB08234F0A870075314E /* Logging.swift in Sources */,
				0799DB23234F0A880075314E /* NotificationAnimationController.swift in Sources */,
				0799DB1A234F0A880075314E /* CALayer+AnimationKey.swift in Sources */,
				0799DB11234F0A880075314E /* UIColor+Hex.swift in Sources */,
				0799DB12234F0A880075314E /* UIDevice+Hardware.swift in Sources */,
				0799DB2B234F0A880075314E /* ColorComponents.swift in Sources */,
				0799DB29234F0A880075314E /* BWA.swift in Sources */,
				0799DB15234F0A880075314E /* UIImageView+AnimatedImageChange.swift in Sources */,
			);
			runOnlyForDeploymentPostprocessing = 0;
		};
		07F82FFC1DAA7F7600DBCBAA /* Sources */ = {
			isa = PBXSourcesBuildPhase;
			buildActionMask = 2147483647;
			files = (
				0799DB38234F0BD00075314E /* FFUIKitTests.swift in Sources */,
				0799DB3B234F0BD00075314E /* UIColor+HexTests.swift in Sources */,
			);
			runOnlyForDeploymentPostprocessing = 0;
		};
/* End PBXSourcesBuildPhase section */

/* Begin PBXTargetDependency section */
		07F830071DAA7F7600DBCBAA /* PBXTargetDependency */ = {
			isa = PBXTargetDependency;
			target = 07A9C78619E3C7C4004ABC10 /* FFUIKit */;
			targetProxy = 07F830061DAA7F7600DBCBAA /* PBXContainerItemProxy */;
		};
/* End PBXTargetDependency section */

/* Begin XCBuildConfiguration section */
		07A9C79819E3C7C4004ABC10 /* Debug */ = {
			isa = XCBuildConfiguration;
			buildSettings = {
				ALWAYS_SEARCH_USER_PATHS = NO;
				CLANG_ANALYZER_LOCALIZABILITY_NONLOCALIZED = YES;
				CLANG_CXX_LANGUAGE_STANDARD = "gnu++0x";
				CLANG_CXX_LIBRARY = "libc++";
				CLANG_ENABLE_MODULES = YES;
				CLANG_ENABLE_OBJC_ARC = YES;
				CLANG_WARN_BLOCK_CAPTURE_AUTORELEASING = YES;
				CLANG_WARN_BOOL_CONVERSION = YES;
				CLANG_WARN_COMMA = YES;
				CLANG_WARN_CONSTANT_CONVERSION = YES;
				CLANG_WARN_DEPRECATED_OBJC_IMPLEMENTATIONS = YES;
				CLANG_WARN_DIRECT_OBJC_ISA_USAGE = YES_ERROR;
				CLANG_WARN_EMPTY_BODY = YES;
				CLANG_WARN_ENUM_CONVERSION = YES;
				CLANG_WARN_INFINITE_RECURSION = YES;
				CLANG_WARN_INT_CONVERSION = YES;
				CLANG_WARN_NON_LITERAL_NULL_CONVERSION = YES;
				CLANG_WARN_OBJC_IMPLICIT_RETAIN_SELF = YES;
				CLANG_WARN_OBJC_LITERAL_CONVERSION = YES;
				CLANG_WARN_OBJC_ROOT_CLASS = YES_ERROR;
				CLANG_WARN_RANGE_LOOP_ANALYSIS = YES;
				CLANG_WARN_STRICT_PROTOTYPES = YES;
				CLANG_WARN_SUSPICIOUS_MOVE = YES;
				CLANG_WARN_UNREACHABLE_CODE = YES;
				CLANG_WARN__DUPLICATE_METHOD_MATCH = YES;
				COPY_PHASE_STRIP = NO;
				CURRENT_PROJECT_VERSION = 1;
				ENABLE_STRICT_OBJC_MSGSEND = YES;
				ENABLE_TESTABILITY = YES;
				GCC_C_LANGUAGE_STANDARD = gnu99;
				GCC_DYNAMIC_NO_PIC = NO;
				GCC_NO_COMMON_BLOCKS = YES;
				GCC_OPTIMIZATION_LEVEL = 0;
				GCC_PREPROCESSOR_DEFINITIONS = (
					"DEBUG=1",
					"$(inherited)",
				);
				GCC_SYMBOLS_PRIVATE_EXTERN = NO;
				GCC_WARN_64_TO_32_BIT_CONVERSION = YES;
				GCC_WARN_ABOUT_RETURN_TYPE = YES_ERROR;
				GCC_WARN_UNDECLARED_SELECTOR = YES;
				GCC_WARN_UNINITIALIZED_AUTOS = YES_AGGRESSIVE;
				GCC_WARN_UNUSED_FUNCTION = YES;
				GCC_WARN_UNUSED_VARIABLE = YES;
				IPHONEOS_DEPLOYMENT_TARGET = 10.0;
				MTL_ENABLE_DEBUG_INFO = YES;
				ONLY_ACTIVE_ARCH = YES;
				SDKROOT = iphoneos;
				SUPPORTED_PLATFORMS = "iphonesimulator iphoneos watchsimulator watchos appletvsimulator appletvos";
				SWIFT_ACTIVE_COMPILATION_CONDITIONS = DEBUG;
				SWIFT_OPTIMIZATION_LEVEL = "-Onone";
				SWIFT_VERSION = 5.0;
				TARGETED_DEVICE_FAMILY = "1,2,3,4";
				TVOS_DEPLOYMENT_TARGET = 10.0;
				VERSIONING_SYSTEM = "apple-generic";
				VERSION_INFO_PREFIX = "";
				WATCHOS_DEPLOYMENT_TARGET = 4.0;
			};
			name = Debug;
		};
		07A9C79919E3C7C4004ABC10 /* Release */ = {
			isa = XCBuildConfiguration;
			buildSettings = {
				ALWAYS_SEARCH_USER_PATHS = NO;
				CLANG_ANALYZER_LOCALIZABILITY_NONLOCALIZED = YES;
				CLANG_CXX_LANGUAGE_STANDARD = "gnu++0x";
				CLANG_CXX_LIBRARY = "libc++";
				CLANG_ENABLE_MODULES = YES;
				CLANG_ENABLE_OBJC_ARC = YES;
				CLANG_WARN_BLOCK_CAPTURE_AUTORELEASING = YES;
				CLANG_WARN_BOOL_CONVERSION = YES;
				CLANG_WARN_COMMA = YES;
				CLANG_WARN_CONSTANT_CONVERSION = YES;
				CLANG_WARN_DEPRECATED_OBJC_IMPLEMENTATIONS = YES;
				CLANG_WARN_DIRECT_OBJC_ISA_USAGE = YES_ERROR;
				CLANG_WARN_EMPTY_BODY = YES;
				CLANG_WARN_ENUM_CONVERSION = YES;
				CLANG_WARN_INFINITE_RECURSION = YES;
				CLANG_WARN_INT_CONVERSION = YES;
				CLANG_WARN_NON_LITERAL_NULL_CONVERSION = YES;
				CLANG_WARN_OBJC_IMPLICIT_RETAIN_SELF = YES;
				CLANG_WARN_OBJC_LITERAL_CONVERSION = YES;
				CLANG_WARN_OBJC_ROOT_CLASS = YES_ERROR;
				CLANG_WARN_RANGE_LOOP_ANALYSIS = YES;
				CLANG_WARN_STRICT_PROTOTYPES = YES;
				CLANG_WARN_SUSPICIOUS_MOVE = YES;
				CLANG_WARN_UNREACHABLE_CODE = YES;
				CLANG_WARN__DUPLICATE_METHOD_MATCH = YES;
				COPY_PHASE_STRIP = NO;
				CURRENT_PROJECT_VERSION = 1;
				ENABLE_NS_ASSERTIONS = NO;
				ENABLE_STRICT_OBJC_MSGSEND = YES;
				GCC_C_LANGUAGE_STANDARD = gnu99;
				GCC_NO_COMMON_BLOCKS = YES;
				GCC_WARN_64_TO_32_BIT_CONVERSION = YES;
				GCC_WARN_ABOUT_RETURN_TYPE = YES_ERROR;
				GCC_WARN_UNDECLARED_SELECTOR = YES;
				GCC_WARN_UNINITIALIZED_AUTOS = YES_AGGRESSIVE;
				GCC_WARN_UNUSED_FUNCTION = YES;
				GCC_WARN_UNUSED_VARIABLE = YES;
				IPHONEOS_DEPLOYMENT_TARGET = 10.0;
				MTL_ENABLE_DEBUG_INFO = NO;
				SDKROOT = iphoneos;
				SUPPORTED_PLATFORMS = "iphonesimulator iphoneos watchsimulator watchos appletvsimulator appletvos";
				SWIFT_COMPILATION_MODE = wholemodule;
				SWIFT_VERSION = 5.0;
				TARGETED_DEVICE_FAMILY = "1,2,3,4";
				TVOS_DEPLOYMENT_TARGET = 10.0;
				VALIDATE_PRODUCT = YES;
				VERSIONING_SYSTEM = "apple-generic";
				VERSION_INFO_PREFIX = "";
				WATCHOS_DEPLOYMENT_TARGET = 4.0;
			};
			name = Release;
		};
		07A9C79B19E3C7C4004ABC10 /* Debug */ = {
			isa = XCBuildConfiguration;
			buildSettings = {
				APPLICATION_EXTENSION_API_ONLY = YES;
				CLANG_ENABLE_MODULES = YES;
				DEFINES_MODULE = YES;
				DYLIB_COMPATIBILITY_VERSION = 1;
				DYLIB_CURRENT_VERSION = 1;
				DYLIB_INSTALL_NAME_BASE = "@rpath";
				INFOPLIST_FILE = "../Sources/${TARGET_NAME}/Supporting Files/Info.plist";
				INSTALL_PATH = "$(LOCAL_LIBRARY_DIR)/Frameworks";
				LD_RUNPATH_SEARCH_PATHS = (
					"$(inherited)",
					"@executable_path/Frameworks",
					"@loader_path/Frameworks",
				);
				MARKETING_VERSION = 6.0.0;
				PRODUCT_BUNDLE_IDENTIFIER = "net.ffried.$(PRODUCT_NAME:rfc1034identifier)";
				PRODUCT_NAME = "$(TARGET_NAME)";
				SKIP_INSTALL = YES;
			};
			name = Debug;
		};
		07A9C79C19E3C7C4004ABC10 /* Release */ = {
			isa = XCBuildConfiguration;
			buildSettings = {
				APPLICATION_EXTENSION_API_ONLY = YES;
				CLANG_ENABLE_MODULES = YES;
				DEFINES_MODULE = YES;
				DYLIB_COMPATIBILITY_VERSION = 1;
				DYLIB_CURRENT_VERSION = 1;
				DYLIB_INSTALL_NAME_BASE = "@rpath";
				INFOPLIST_FILE = "../Sources/${TARGET_NAME}/Supporting Files/Info.plist";
				INSTALL_PATH = "$(LOCAL_LIBRARY_DIR)/Frameworks";
				LD_RUNPATH_SEARCH_PATHS = (
					"$(inherited)",
					"@executable_path/Frameworks",
					"@loader_path/Frameworks",
				);
				MARKETING_VERSION = 6.0.0;
				PRODUCT_BUNDLE_IDENTIFIER = "net.ffried.$(PRODUCT_NAME:rfc1034identifier)";
				PRODUCT_NAME = "$(TARGET_NAME)";
				SKIP_INSTALL = YES;
			};
			name = Release;
		};
		07F830091DAA7F7600DBCBAA /* Debug */ = {
			isa = XCBuildConfiguration;
			buildSettings = {
				ALWAYS_EMBED_SWIFT_STANDARD_LIBRARIES = YES;
				CLANG_ANALYZER_NONNULL = YES;
				CLANG_WARN_DOCUMENTATION_COMMENTS = YES;
				CLANG_WARN_SUSPICIOUS_MOVES = YES;
				DEBUG_INFORMATION_FORMAT = dwarf;
				INFOPLIST_FILE = "../Tests/${TARGET_NAME}/Supporting Files/Info.plist";
				LD_RUNPATH_SEARCH_PATHS = (
					"$(inherited)",
					"@executable_path/Frameworks",
					"@loader_path/Frameworks",
				);
				PRODUCT_BUNDLE_IDENTIFIER = net.ffried.FFUIKitTests;
				PRODUCT_NAME = "$(TARGET_NAME)";
			};
			name = Debug;
		};
		07F8300A1DAA7F7600DBCBAA /* Release */ = {
			isa = XCBuildConfiguration;
			buildSettings = {
				ALWAYS_EMBED_SWIFT_STANDARD_LIBRARIES = YES;
				CLANG_ANALYZER_NONNULL = YES;
				CLANG_WARN_DOCUMENTATION_COMMENTS = YES;
				CLANG_WARN_SUSPICIOUS_MOVES = YES;
				DEBUG_INFORMATION_FORMAT = "dwarf-with-dsym";
				INFOPLIST_FILE = "../Tests/${TARGET_NAME}/Supporting Files/Info.plist";
				LD_RUNPATH_SEARCH_PATHS = (
					"$(inherited)",
					"@executable_path/Frameworks",
					"@loader_path/Frameworks",
				);
				PRODUCT_BUNDLE_IDENTIFIER = net.ffried.FFUIKitTests;
				PRODUCT_NAME = "$(TARGET_NAME)";
			};
			name = Release;
		};
/* End XCBuildConfiguration section */

/* Begin XCConfigurationList section */
		07A9C78119E3C7C4004ABC10 /* Build configuration list for PBXProject "FFUIKit" */ = {
			isa = XCConfigurationList;
			buildConfigurations = (
				07A9C79819E3C7C4004ABC10 /* Debug */,
				07A9C79919E3C7C4004ABC10 /* Release */,
			);
			defaultConfigurationIsVisible = 0;
			defaultConfigurationName = Release;
		};
		07A9C79A19E3C7C4004ABC10 /* Build configuration list for PBXNativeTarget "FFUIKit" */ = {
			isa = XCConfigurationList;
			buildConfigurations = (
				07A9C79B19E3C7C4004ABC10 /* Debug */,
				07A9C79C19E3C7C4004ABC10 /* Release */,
			);
			defaultConfigurationIsVisible = 0;
			defaultConfigurationName = Release;
		};
		07F830081DAA7F7600DBCBAA /* Build configuration list for PBXNativeTarget "FFUIKitTests" */ = {
			isa = XCConfigurationList;
			buildConfigurations = (
				07F830091DAA7F7600DBCBAA /* Debug */,
				07F8300A1DAA7F7600DBCBAA /* Release */,
			);
			defaultConfigurationIsVisible = 0;
			defaultConfigurationName = Release;
		};
/* End XCConfigurationList section */
	};
	rootObject = 07A9C77E19E3C7C4004ABC10 /* Project object */;
}
