{
  "pins" : [
    {
      "identity" : "color-components",
      "kind" : "remoteSourceControl",
      "location" : "https://github.com/sersoft-gmbh/color-components.git",
      "state" : {
        "revision" : "bd04112e2dc5c82c450e3654e34ec7b3c4d447ef",
        "version" : "1.8.0"
      }
    },
    {
      "identity" : "fffoundation",
      "kind" : "remoteSourceControl",
      "location" : "https://github.com/ffried/FFFoundation.git",
      "state" : {
        "revision" : "ccc1998e5bfb75d20eb51d120765d334459baba4",
        "version" : "9.5.0"
      }
    }
  ],
  "version" : 2
}
