{
  "object": {
    "pins": [
      {
        "package": "color-components",
        "repositoryURL": "https://github.com/sersoft-gmbh/color-components.git",
        "state": {
          "branch": null,
          "revision": "6c18ae3356dcc760434405f0fea48443494987a8",
          "version": "1.0.1"
        }
      },
      {
        "package": "FFFoundation",
        "repositoryURL": "https://github.com/ffried/FFFoundation.git",
        "state": {
          "branch": null,
          "revision": "45cfc78b7f2485348469635370618076ba9c6c5b",
          "version": "9.1.0"
        }
      }
    ]
  },
  "version": 1
}
