{
  "originHash" : "7906b5416537f5e97461bfa368c9724af9962dcd42694feadf474ab263ae96ad",
  "pins" : [
    {
      "identity" : "color-components",
      "kind" : "remoteSourceControl",
      "location" : "https://github.com/sersoft-gmbh/color-components",
      "state" : {
        "revision" : "d1256cc5a81651b8543029ff340ea4c77130d74a",
        "version" : "1.15.1"
      }
    },
    {
      "identity" : "fffoundation",
      "kind" : "remoteSourceControl",
      "location" : "https://github.com/ffried/FFFoundation",
      "state" : {
        "revision" : "11f93326234c8879ef042edf7deef9d0f81e3302",
        "version" : "9.7.1"
      }
    },
    {
      "identity" : "swift-docc-plugin",
      "kind" : "remoteSourceControl",
      "location" : "https://github.com/swiftlang/swift-docc-plugin",
      "state" : {
        "revision" : "e977f65879f82b375a044c8837597f690c067da6",
        "version" : "1.4.6"
      }
    },
    {
      "identity" : "swift-docc-symbolkit",
      "kind" : "remoteSourceControl",
      "location" : "https://github.com/swiftlang/swift-docc-symbolkit",
      "state" : {
        "revision" : "b45d1f2ed151d057b54504d653e0da5552844e34",
        "version" : "1.0.0"
      }
    }
  ],
  "version" : 3
}
