// !$*UTF8*$!
{
	archiveVersion = 1;
	classes = {
	};
	objectVersion = 46;
	objects = {

/* Begin PBXBuildFile section */
		0721BAFE1A6AC05100733CF7 /* UIDevice+Hardware.swift in Sources */ = {isa = PBXBuildFile; fileRef = 0721BAFD1A6AC05100733CF7 /* UIDevice+Hardware.swift */; };
		0721BB021A6AC41D00733CF7 /* UIApplication+Version.swift in Sources */ = {isa = PBXBuildFile; fileRef = 0721BB011A6AC41D00733CF7 /* UIApplication+Version.swift */; };
		0721BB041A6AC59000733CF7 /* UIApplication+AppStore.swift in Sources */ = {isa = PBXBuildFile; fileRef = 0721BB031A6AC59000733CF7 /* UIApplication+AppStore.swift */; };
		0765768F1A73C6D300EEA793 /* UIColor+Hex.swift in Sources */ = {isa = PBXBuildFile; fileRef = 0765768E1A73C6D300EEA793 /* UIColor+Hex.swift */; };
		07A9C78D19E3C7C4004ABC10 /* FFUIKit.h in Headers */ = {isa = PBXBuildFile; fileRef = 07A9C78C19E3C7C4004ABC10 /* FFUIKit.h */; settings = {ATTRIBUTES = (Public, ); }; };
		07A9C79719E3C7C4004ABC10 /* FFUIKitTests.m in Sources */ = {isa = PBXBuildFile; fileRef = 07A9C79619E3C7C4004ABC10 /* FFUIKitTests.m */; };
		07A9C7A719E3C941004ABC10 /* FFProgressIndicatorView.h in Headers */ = {isa = PBXBuildFile; fileRef = 07A9C7A519E3C941004ABC10 /* FFProgressIndicatorView.h */; settings = {ATTRIBUTES = (Public, ); }; };
		07A9C7A819E3C941004ABC10 /* FFProgressIndicatorView.m in Sources */ = {isa = PBXBuildFile; fileRef = 07A9C7A619E3C941004ABC10 /* FFProgressIndicatorView.m */; };
		07A9C7A919E3C941004ABC10 /* FFProgressIndicatorView.m in Sources */ = {isa = PBXBuildFile; fileRef = 07A9C7A619E3C941004ABC10 /* FFProgressIndicatorView.m */; };
		07B37F431A3A082800911042 /* Intent.swift in Sources */ = {isa = PBXBuildFile; fileRef = 07B37F421A3A082800911042 /* Intent.swift */; };
		07B37F451A3B538800911042 /* FunctionsAndHelpers.swift in Sources */ = {isa = PBXBuildFile; fileRef = 07B37F441A3B538800911042 /* FunctionsAndHelpers.swift */; };
		07E010D21A6AE10E006184DD /* FFFoundation.framework in Frameworks */ = {isa = PBXBuildFile; fileRef = 07B37F4D1A3B565100911042 /* FFFoundation.framework */; };
		07FF5E5C1A376B91006928A9 /* FFLabel.swift in Sources */ = {isa = PBXBuildFile; fileRef = 07FF5E5B1A376B91006928A9 /* FFLabel.swift */; };
/* End PBXBuildFile section */

/* Begin PBXContainerItemProxy section */
		07B37F4C1A3B565100911042 /* PBXContainerItemProxy */ = {
			isa = PBXContainerItemProxy;
			containerPortal = 07B37F471A3B565100911042 /* FFFoundation.xcodeproj */;
			proxyType = 2;
			remoteGlobalIDString = 07FF5E271A3761D0006928A9;
			remoteInfo = FFFoundation;
		};
		07B37F4E1A3B565100911042 /* PBXContainerItemProxy */ = {
			isa = PBXContainerItemProxy;
			containerPortal = 07B37F471A3B565100911042 /* FFFoundation.xcodeproj */;
			proxyType = 2;
			remoteGlobalIDString = 07FF5E321A3761D1006928A9;
			remoteInfo = FFFoundationTests;
		};
		07E010D31A6AE117006184DD /* PBXContainerItemProxy */ = {
			isa = PBXContainerItemProxy;
			containerPortal = 07B37F471A3B565100911042 /* FFFoundation.xcodeproj */;
			proxyType = 1;
			remoteGlobalIDString = 07FF5E261A3761D0006928A9;
			remoteInfo = FFFoundation;
		};
/* End PBXContainerItemProxy section */

/* Begin PBXFileReference section */
		0721BAFD1A6AC05100733CF7 /* UIDevice+Hardware.swift */ = {isa = PBXFileReference; fileEncoding = 4; lastKnownFileType = sourcecode.swift; path = "UIDevice+Hardware.swift"; sourceTree = "<group>"; };
		0721BB011A6AC41D00733CF7 /* UIApplication+Version.swift */ = {isa = PBXFileReference; fileEncoding = 4; lastKnownFileType = sourcecode.swift; path = "UIApplication+Version.swift"; sourceTree = "<group>"; };
		0721BB031A6AC59000733CF7 /* UIApplication+AppStore.swift */ = {isa = PBXFileReference; fileEncoding = 4; lastKnownFileType = sourcecode.swift; path = "UIApplication+AppStore.swift"; sourceTree = "<group>"; };
		0765768E1A73C6D300EEA793 /* UIColor+Hex.swift */ = {isa = PBXFileReference; fileEncoding = 4; lastKnownFileType = sourcecode.swift; path = "UIColor+Hex.swift"; sourceTree = "<group>"; };
		07A9C78719E3C7C4004ABC10 /* FFUIKit.framework */ = {isa = PBXFileReference; explicitFileType = wrapper.framework; includeInIndex = 0; path = FFUIKit.framework; sourceTree = BUILT_PRODUCTS_DIR; };
		07A9C78B19E3C7C4004ABC10 /* Info.plist */ = {isa = PBXFileReference; lastKnownFileType = text.plist.xml; path = Info.plist; sourceTree = "<group>"; };
		07A9C78C19E3C7C4004ABC10 /* FFUIKit.h */ = {isa = PBXFileReference; lastKnownFileType = sourcecode.c.h; path = FFUIKit.h; sourceTree = "<group>"; };
		07A9C79219E3C7C4004ABC10 /* FFUIKitTests.xctest */ = {isa = PBXFileReference; explicitFileType = wrapper.cfbundle; includeInIndex = 0; path = FFUIKitTests.xctest; sourceTree = BUILT_PRODUCTS_DIR; };
		07A9C79519E3C7C4004ABC10 /* Info.plist */ = {isa = PBXFileReference; lastKnownFileType = text.plist.xml; path = Info.plist; sourceTree = "<group>"; };
		07A9C79619E3C7C4004ABC10 /* FFUIKitTests.m */ = {isa = PBXFileReference; lastKnownFileType = sourcecode.c.objc; path = FFUIKitTests.m; sourceTree = "<group>"; };
		07A9C7A519E3C941004ABC10 /* FFProgressIndicatorView.h */ = {isa = PBXFileReference; fileEncoding = 4; lastKnownFileType = sourcecode.c.h; path = FFProgressIndicatorView.h; sourceTree = "<group>"; };
		07A9C7A619E3C941004ABC10 /* FFProgressIndicatorView.m */ = {isa = PBXFileReference; fileEncoding = 4; lastKnownFileType = sourcecode.c.objc; path = FFProgressIndicatorView.m; sourceTree = "<group>"; };
		07B37F421A3A082800911042 /* Intent.swift */ = {isa = PBXFileReference; fileEncoding = 4; lastKnownFileType = sourcecode.swift; path = Intent.swift; sourceTree = "<group>"; };
		07B37F441A3B538800911042 /* FunctionsAndHelpers.swift */ = {isa = PBXFileReference; fileEncoding = 4; lastKnownFileType = sourcecode.swift; path = FunctionsAndHelpers.swift; sourceTree = "<group>"; };
		07B37F471A3B565100911042 /* FFFoundation.xcodeproj */ = {isa = PBXFileReference; lastKnownFileType = "wrapper.pb-project"; name = FFFoundation.xcodeproj; path = ../Submodules/FFFoundation/FFFoundation/FFFoundation.xcodeproj; sourceTree = "<group>"; };
		07FF5E5B1A376B91006928A9 /* FFLabel.swift */ = {isa = PBXFileReference; fileEncoding = 4; lastKnownFileType = sourcecode.swift; path = FFLabel.swift; sourceTree = "<group>"; };
/* End PBXFileReference section */

/* Begin PBXFrameworksBuildPhase section */
		07A9C78319E3C7C4004ABC10 /* Frameworks */ = {
			isa = PBXFrameworksBuildPhase;
			buildActionMask = 2147483647;
			files = (
				07E010D21A6AE10E006184DD /* FFFoundation.framework in Frameworks */,
			);
			runOnlyForDeploymentPostprocessing = 0;
		};
		07A9C78F19E3C7C4004ABC10 /* Frameworks */ = {
			isa = PBXFrameworksBuildPhase;
			buildActionMask = 2147483647;
			files = (
			);
			runOnlyForDeploymentPostprocessing = 0;
		};
/* End PBXFrameworksBuildPhase section */

/* Begin PBXGroup section */
		076576911A73C80F00EEA793 /* Categories */ = {
			isa = PBXGroup;
			children = (
				0721BAFD1A6AC05100733CF7 /* UIDevice+Hardware.swift */,
				0721BB011A6AC41D00733CF7 /* UIApplication+Version.swift */,
				0721BB031A6AC59000733CF7 /* UIApplication+AppStore.swift */,
				0765768E1A73C6D300EEA793 /* UIColor+Hex.swift */,
			);
			name = Categories;
			sourceTree = "<group>";
		};
		076576921A73C81A00EEA793 /* Views */ = {
			isa = PBXGroup;
			children = (
				07FF5E5B1A376B91006928A9 /* FFLabel.swift */,
				07A9C7A519E3C941004ABC10 /* FFProgressIndicatorView.h */,
				07A9C7A619E3C941004ABC10 /* FFProgressIndicatorView.m */,
			);
			name = Views;
			sourceTree = "<group>";
		};
		07A9C77D19E3C7C4004ABC10 = {
			isa = PBXGroup;
			children = (
				07A9C78919E3C7C4004ABC10 /* FFUIKit */,
				07A9C79319E3C7C4004ABC10 /* FFUIKitTests */,
				07B37F461A3B563E00911042 /* Frameworks */,
				07A9C78819E3C7C4004ABC10 /* Products */,
			);
			sourceTree = "<group>";
		};
		07A9C78819E3C7C4004ABC10 /* Products */ = {
			isa = PBXGroup;
			children = (
				07A9C78719E3C7C4004ABC10 /* FFUIKit.framework */,
				07A9C79219E3C7C4004ABC10 /* FFUIKitTests.xctest */,
			);
			name = Products;
			sourceTree = "<group>";
		};
		07A9C78919E3C7C4004ABC10 /* FFUIKit */ = {
			isa = PBXGroup;
			children = (
				076576911A73C80F00EEA793 /* Categories */,
				076576921A73C81A00EEA793 /* Views */,
				07B37F421A3A082800911042 /* Intent.swift */,
				07B37F441A3B538800911042 /* FunctionsAndHelpers.swift */,
				07A9C78C19E3C7C4004ABC10 /* FFUIKit.h */,
				07A9C78A19E3C7C4004ABC10 /* Supporting Files */,
			);
			path = FFUIKit;
			sourceTree = "<group>";
		};
		07A9C78A19E3C7C4004ABC10 /* Supporting Files */ = {
			isa = PBXGroup;
			children = (
				07A9C78B19E3C7C4004ABC10 /* Info.plist */,
			);
			name = "Supporting Files";
			sourceTree = "<group>";
		};
		07A9C79319E3C7C4004ABC10 /* FFUIKitTests */ = {
			isa = PBXGroup;
			children = (
				07A9C79619E3C7C4004ABC10 /* FFUIKitTests.m */,
				07A9C79419E3C7C4004ABC10 /* Supporting Files */,
			);
			path = FFUIKitTests;
			sourceTree = "<group>";
		};
		07A9C79419E3C7C4004ABC10 /* Supporting Files */ = {
			isa = PBXGroup;
			children = (
				07A9C79519E3C7C4004ABC10 /* Info.plist */,
			);
			name = "Supporting Files";
			sourceTree = "<group>";
		};
		07B37F461A3B563E00911042 /* Frameworks */ = {
			isa = PBXGroup;
			children = (
				07B37F471A3B565100911042 /* FFFoundation.xcodeproj */,
			);
			name = Frameworks;
			sourceTree = "<group>";
		};
		07B37F481A3B565100911042 /* Products */ = {
			isa = PBXGroup;
			children = (
				07B37F4D1A3B565100911042 /* FFFoundation.framework */,
				07B37F4F1A3B565100911042 /* FFFoundationTests.xctest */,
			);
			name = Products;
			sourceTree = "<group>";
		};
/* End PBXGroup section */

/* Begin PBXHeadersBuildPhase section */
		07A9C78419E3C7C4004ABC10 /* Headers */ = {
			isa = PBXHeadersBuildPhase;
			buildActionMask = 2147483647;
			files = (
				07A9C78D19E3C7C4004ABC10 /* FFUIKit.h in Headers */,
				07A9C7A719E3C941004ABC10 /* FFProgressIndicatorView.h in Headers */,
			);
			runOnlyForDeploymentPostprocessing = 0;
		};
/* End PBXHeadersBuildPhase section */

/* Begin PBXNativeTarget section */
		07A9C78619E3C7C4004ABC10 /* FFUIKit */ = {
			isa = PBXNativeTarget;
			buildConfigurationList = 07A9C79A19E3C7C4004ABC10 /* Build configuration list for PBXNativeTarget "FFUIKit" */;
			buildPhases = (
				07A9C78219E3C7C4004ABC10 /* Sources */,
				07A9C78319E3C7C4004ABC10 /* Frameworks */,
				07A9C78419E3C7C4004ABC10 /* Headers */,
				07A9C78519E3C7C4004ABC10 /* Resources */,
			);
			buildRules = (
			);
			dependencies = (
				07E010D41A6AE117006184DD /* PBXTargetDependency */,
			);
			name = FFUIKit;
			productName = FFUIKit;
			productReference = 07A9C78719E3C7C4004ABC10 /* FFUIKit.framework */;
			productType = "com.apple.product-type.framework";
		};
		07A9C79119E3C7C4004ABC10 /* FFUIKitTests */ = {
			isa = PBXNativeTarget;
			buildConfigurationList = 07A9C79D19E3C7C4004ABC10 /* Build configuration list for PBXNativeTarget "FFUIKitTests" */;
			buildPhases = (
				07A9C78E19E3C7C4004ABC10 /* Sources */,
				07A9C78F19E3C7C4004ABC10 /* Frameworks */,
				07A9C79019E3C7C4004ABC10 /* Resources */,
			);
			buildRules = (
			);
			dependencies = (
			);
			name = FFUIKitTests;
			productName = FFUIKitTests;
			productReference = 07A9C79219E3C7C4004ABC10 /* FFUIKitTests.xctest */;
			productType = "com.apple.product-type.bundle.unit-test";
		};
/* End PBXNativeTarget section */

/* Begin PBXProject section */
		07A9C77E19E3C7C4004ABC10 /* Project object */ = {
			isa = PBXProject;
			attributes = {
				LastUpgradeCheck = 0610;
				ORGANIZATIONNAME = "Florian Friedrich";
				TargetAttributes = {
					07A9C78619E3C7C4004ABC10 = {
						CreatedOnToolsVersion = 6.0.1;
					};
					07A9C79119E3C7C4004ABC10 = {
						CreatedOnToolsVersion = 6.0.1;
					};
				};
			};
			buildConfigurationList = 07A9C78119E3C7C4004ABC10 /* Build configuration list for PBXProject "FFUIKit" */;
			compatibilityVersion = "Xcode 3.2";
			developmentRegion = English;
			hasScannedForEncodings = 0;
			knownRegions = (
				en,
			);
			mainGroup = 07A9C77D19E3C7C4004ABC10;
			productRefGroup = 07A9C78819E3C7C4004ABC10 /* Products */;
			projectDirPath = "";
			projectReferences = (
				{
					ProductGroup = 07B37F481A3B565100911042 /* Products */;
					ProjectRef = 07B37F471A3B565100911042 /* FFFoundation.xcodeproj */;
				},
			);
			projectRoot = "";
			targets = (
				07A9C78619E3C7C4004ABC10 /* FFUIKit */,
				07A9C79119E3C7C4004ABC10 /* FFUIKitTests */,
			);
		};
/* End PBXProject section */

/* Begin PBXReferenceProxy section */
		07B37F4D1A3B565100911042 /* FFFoundation.framework */ = {
			isa = PBXReferenceProxy;
			fileType = wrapper.framework;
			path = FFFoundation.framework;
			remoteRef = 07B37F4C1A3B565100911042 /* PBXContainerItemProxy */;
			sourceTree = BUILT_PRODUCTS_DIR;
		};
		07B37F4F1A3B565100911042 /* FFFoundationTests.xctest */ = {
			isa = PBXReferenceProxy;
			fileType = wrapper.cfbundle;
			path = FFFoundationTests.xctest;
			remoteRef = 07B37F4E1A3B565100911042 /* PBXContainerItemProxy */;
			sourceTree = BUILT_PRODUCTS_DIR;
		};
/* End PBXReferenceProxy section */

/* Begin PBXResourcesBuildPhase section */
		07A9C78519E3C7C4004ABC10 /* Resources */ = {
			isa = PBXResourcesBuildPhase;
			buildActionMask = 2147483647;
			files = (
			);
			runOnlyForDeploymentPostprocessing = 0;
		};
		07A9C79019E3C7C4004ABC10 /* Resources */ = {
			isa = PBXResourcesBuildPhase;
			buildActionMask = 2147483647;
			files = (
			);
			runOnlyForDeploymentPostprocessing = 0;
		};
/* End PBXResourcesBuildPhase section */

/* Begin PBXSourcesBuildPhase section */
		07A9C78219E3C7C4004ABC10 /* Sources */ = {
			isa = PBXSourcesBuildPhase;
			buildActionMask = 2147483647;
			files = (
				07FF5E5C1A376B91006928A9 /* FFLabel.swift in Sources */,
				0765768F1A73C6D300EEA793 /* UIColor+Hex.swift in Sources */,
				0721BB021A6AC41D00733CF7 /* UIApplication+Version.swift in Sources */,
				0721BAFE1A6AC05100733CF7 /* UIDevice+Hardware.swift in Sources */,
				0721BB041A6AC59000733CF7 /* UIApplication+AppStore.swift in Sources */,
				07A9C7A819E3C941004ABC10 /* FFProgressIndicatorView.m in Sources */,
				07B37F431A3A082800911042 /* Intent.swift in Sources */,
				07B37F451A3B538800911042 /* FunctionsAndHelpers.swift in Sources */,
			);
			runOnlyForDeploymentPostprocessing = 0;
		};
		07A9C78E19E3C7C4004ABC10 /* Sources */ = {
			isa = PBXSourcesBuildPhase;
			buildActionMask = 2147483647;
			files = (
				07A9C7A919E3C941004ABC10 /* FFProgressIndicatorView.m in Sources */,
				07A9C79719E3C7C4004ABC10 /* FFUIKitTests.m in Sources */,
			);
			runOnlyForDeploymentPostprocessing = 0;
		};
/* End PBXSourcesBuildPhase section */

/* Begin PBXTargetDependency section */
		07E010D41A6AE117006184DD /* PBXTargetDependency */ = {
			isa = PBXTargetDependency;
			name = FFFoundation;
			targetProxy = 07E010D31A6AE117006184DD /* PBXContainerItemProxy */;
		};
/* End PBXTargetDependency section */

/* Begin XCBuildConfiguration section */
		07A9C79819E3C7C4004ABC10 /* Debug */ = {
			isa = XCBuildConfiguration;
			buildSettings = {
				ALWAYS_SEARCH_USER_PATHS = NO;
				CLANG_CXX_LANGUAGE_STANDARD = "gnu++0x";
				CLANG_CXX_LIBRARY = "libc++";
				CLANG_ENABLE_MODULES = YES;
				CLANG_ENABLE_OBJC_ARC = YES;
				CLANG_WARN_BOOL_CONVERSION = YES;
				CLANG_WARN_CONSTANT_CONVERSION = YES;
				CLANG_WARN_DIRECT_OBJC_ISA_USAGE = YES_ERROR;
				CLANG_WARN_EMPTY_BODY = YES;
				CLANG_WARN_ENUM_CONVERSION = YES;
				CLANG_WARN_INT_CONVERSION = YES;
				CLANG_WARN_OBJC_ROOT_CLASS = YES_ERROR;
				CLANG_WARN_UNREACHABLE_CODE = YES;
				CLANG_WARN__DUPLICATE_METHOD_MATCH = YES;
				"CODE_SIGN_IDENTITY[sdk=iphoneos*]" = "iPhone Developer";
				COPY_PHASE_STRIP = NO;
				CURRENT_PROJECT_VERSION = 1;
				ENABLE_STRICT_OBJC_MSGSEND = YES;
				GCC_C_LANGUAGE_STANDARD = gnu99;
				GCC_DYNAMIC_NO_PIC = NO;
				GCC_OPTIMIZATION_LEVEL = 0;
				GCC_PREPROCESSOR_DEFINITIONS = (
					"DEBUG=1",
					"$(inherited)",
				);
				GCC_SYMBOLS_PRIVATE_EXTERN = NO;
				GCC_WARN_64_TO_32_BIT_CONVERSION = YES;
				GCC_WARN_ABOUT_RETURN_TYPE = YES_ERROR;
				GCC_WARN_UNDECLARED_SELECTOR = YES;
				GCC_WARN_UNINITIALIZED_AUTOS = YES_AGGRESSIVE;
				GCC_WARN_UNUSED_FUNCTION = YES;
				GCC_WARN_UNUSED_VARIABLE = YES;
				IPHONEOS_DEPLOYMENT_TARGET = 8.0;
				MTL_ENABLE_DEBUG_INFO = YES;
				ONLY_ACTIVE_ARCH = YES;
				SDKROOT = iphoneos;
				TARGETED_DEVICE_FAMILY = "1,2";
				VERSIONING_SYSTEM = "apple-generic";
				VERSION_INFO_PREFIX = "";
			};
			name = Debug;
		};
		07A9C79919E3C7C4004ABC10 /* Release */ = {
			isa = XCBuildConfiguration;
			buildSettings = {
				ALWAYS_SEARCH_USER_PATHS = NO;
				CLANG_CXX_LANGUAGE_STANDARD = "gnu++0x";
				CLANG_CXX_LIBRARY = "libc++";
				CLANG_ENABLE_MODULES = YES;
				CLANG_ENABLE_OBJC_ARC = YES;
				CLANG_WARN_BOOL_CONVERSION = YES;
				CLANG_WARN_CONSTANT_CONVERSION = YES;
				CLANG_WARN_DIRECT_OBJC_ISA_USAGE = YES_ERROR;
				CLANG_WARN_EMPTY_BODY = YES;
				CLANG_WARN_ENUM_CONVERSION = YES;
				CLANG_WARN_INT_CONVERSION = YES;
				CLANG_WARN_OBJC_ROOT_CLASS = YES_ERROR;
				CLANG_WARN_UNREACHABLE_CODE = YES;
				CLANG_WARN__DUPLICATE_METHOD_MATCH = YES;
				"CODE_SIGN_IDENTITY[sdk=iphoneos*]" = "iPhone Developer";
				COPY_PHASE_STRIP = YES;
				CURRENT_PROJECT_VERSION = 1;
				ENABLE_NS_ASSERTIONS = NO;
				ENABLE_STRICT_OBJC_MSGSEND = YES;
				GCC_C_LANGUAGE_STANDARD = gnu99;
				GCC_WARN_64_TO_32_BIT_CONVERSION = YES;
				GCC_WARN_ABOUT_RETURN_TYPE = YES_ERROR;
				GCC_WARN_UNDECLARED_SELECTOR = YES;
				GCC_WARN_UNINITIALIZED_AUTOS = YES_AGGRESSIVE;
				GCC_WARN_UNUSED_FUNCTION = YES;
				GCC_WARN_UNUSED_VARIABLE = YES;
				IPHONEOS_DEPLOYMENT_TARGET = 8.0;
				MTL_ENABLE_DEBUG_INFO = NO;
				SDKROOT = iphoneos;
				TARGETED_DEVICE_FAMILY = "1,2";
				VALIDATE_PRODUCT = YES;
				VERSIONING_SYSTEM = "apple-generic";
				VERSION_INFO_PREFIX = "";
			};
			name = Release;
		};
		07A9C79B19E3C7C4004ABC10 /* Debug */ = {
			isa = XCBuildConfiguration;
			buildSettings = {
				CLANG_ENABLE_MODULES = YES;
				DEFINES_MODULE = YES;
				DYLIB_COMPATIBILITY_VERSION = 1;
				DYLIB_CURRENT_VERSION = 1;
				DYLIB_INSTALL_NAME_BASE = "@rpath";
				INFOPLIST_FILE = FFUIKit/Info.plist;
				INSTALL_PATH = "$(LOCAL_LIBRARY_DIR)/Frameworks";
				LD_RUNPATH_SEARCH_PATHS = "$(inherited) @executable_path/Frameworks @loader_path/Frameworks";
				PRODUCT_NAME = "$(TARGET_NAME)";
				SKIP_INSTALL = YES;
				SWIFT_OPTIMIZATION_LEVEL = "-Onone";
			};
			name = Debug;
		};
		07A9C79C19E3C7C4004ABC10 /* Release */ = {
			isa = XCBuildConfiguration;
			buildSettings = {
				CLANG_ENABLE_MODULES = YES;
				DEFINES_MODULE = YES;
				DYLIB_COMPATIBILITY_VERSION = 1;
				DYLIB_CURRENT_VERSION = 1;
				DYLIB_INSTALL_NAME_BASE = "@rpath";
				INFOPLIST_FILE = FFUIKit/Info.plist;
				INSTALL_PATH = "$(LOCAL_LIBRARY_DIR)/Frameworks";
				LD_RUNPATH_SEARCH_PATHS = "$(inherited) @executable_path/Frameworks @loader_path/Frameworks";
				PRODUCT_NAME = "$(TARGET_NAME)";
				SKIP_INSTALL = YES;
			};
			name = Release;
		};
		07A9C79E19E3C7C4004ABC10 /* Debug */ = {
			isa = XCBuildConfiguration;
			buildSettings = {
				FRAMEWORK_SEARCH_PATHS = (
					"$(SDKROOT)/Developer/Library/Frameworks",
					"$(inherited)",
				);
				GCC_PREPROCESSOR_DEFINITIONS = (
					"DEBUG=1",
					"$(inherited)",
				);
				INFOPLIST_FILE = FFUIKitTests/Info.plist;
				LD_RUNPATH_SEARCH_PATHS = "$(inherited) @executable_path/Frameworks @loader_path/Frameworks";
				PRODUCT_NAME = "$(TARGET_NAME)";
			};
			name = Debug;
		};
		07A9C79F19E3C7C4004ABC10 /* Release */ = {
			isa = XCBuildConfiguration;
			buildSettings = {
				FRAMEWORK_SEARCH_PATHS = (
					"$(SDKROOT)/Developer/Library/Frameworks",
					"$(inherited)",
				);
				INFOPLIST_FILE = FFUIKitTests/Info.plist;
				LD_RUNPATH_SEARCH_PATHS = "$(inherited) @executable_path/Frameworks @loader_path/Frameworks";
				PRODUCT_NAME = "$(TARGET_NAME)";
			};
			name = Release;
		};
/* End XCBuildConfiguration section */

/* Begin XCConfigurationList section */
		07A9C78119E3C7C4004ABC10 /* Build configuration list for PBXProject "FFUIKit" */ = {
			isa = XCConfigurationList;
			buildConfigurations = (
				07A9C79819E3C7C4004ABC10 /* Debug */,
				07A9C79919E3C7C4004ABC10 /* Release */,
			);
			defaultConfigurationIsVisible = 0;
			defaultConfigurationName = Release;
		};
		07A9C79A19E3C7C4004ABC10 /* Build configuration list for PBXNativeTarget "FFUIKit" */ = {
			isa = XCConfigurationList;
			buildConfigurations = (
				07A9C79B19E3C7C4004ABC10 /* Debug */,
				07A9C79C19E3C7C4004ABC10 /* Release */,
			);
			defaultConfigurationIsVisible = 0;
			defaultConfigurationName = Release;
		};
		07A9C79D19E3C7C4004ABC10 /* Build configuration list for PBXNativeTarget "FFUIKitTests" */ = {
			isa = XCConfigurationList;
			buildConfigurations = (
				07A9C79E19E3C7C4004ABC10 /* Debug */,
				07A9C79F19E3C7C4004ABC10 /* Release */,
			);
			defaultConfigurationIsVisible = 0;
			defaultConfigurationName = Release;
		};
/* End XCConfigurationList section */
	};
	rootObject = 07A9C77E19E3C7C4004ABC10 /* Project object */;
}
