// !$*UTF8*$!
{
	archiveVersion = 1;
	classes = {
	};
	objectVersion = 50;
	objects = {

/* Begin PBXBuildFile section */
		0747F31B210B519C009BFDAD /* Logging.swift in Sources */ = {isa = PBXBuildFile; fileRef = 0747F31A210B519C009BFDAD /* Logging.swift */; };
		0762C908207B988C00F9F0A8 /* License.swift in Sources */ = {isa = PBXBuildFile; fileRef = 0762C905207B988B00F9F0A8 /* License.swift */; };
		0762C909207B988C00F9F0A8 /* LayoutGuide.swift in Sources */ = {isa = PBXBuildFile; fileRef = 0762C906207B988B00F9F0A8 /* LayoutGuide.swift */; };
		0762C90A207B988C00F9F0A8 /* ColorComponents.swift in Sources */ = {isa = PBXBuildFile; fileRef = 0762C907207B988B00F9F0A8 /* ColorComponents.swift */; };
		0762C91F207B98CE00F9F0A8 /* UIImage+CorderRadius.swift in Sources */ = {isa = PBXBuildFile; fileRef = 0762C90D207B98CE00F9F0A8 /* UIImage+CorderRadius.swift */; };
		0762C920207B98CE00F9F0A8 /* UIImage+Colors.swift in Sources */ = {isa = PBXBuildFile; fileRef = 0762C90E207B98CE00F9F0A8 /* UIImage+Colors.swift */; };
		0762C921207B98CE00F9F0A8 /* UIImage+ColorImages.swift in Sources */ = {isa = PBXBuildFile; fileRef = 0762C90F207B98CE00F9F0A8 /* UIImage+ColorImages.swift */; };
		0762C922207B98CE00F9F0A8 /* UIImage+FixOrientation.swift in Sources */ = {isa = PBXBuildFile; fileRef = 0762C910207B98CE00F9F0A8 /* UIImage+FixOrientation.swift */; };
		0762C923207B98CE00F9F0A8 /* UIColor+ColorComponents.swift in Sources */ = {isa = PBXBuildFile; fileRef = 0762C912207B98CE00F9F0A8 /* UIColor+ColorComponents.swift */; };
		0762C924207B98CE00F9F0A8 /* UIColor+Hex.swift in Sources */ = {isa = PBXBuildFile; fileRef = 0762C913207B98CE00F9F0A8 /* UIColor+Hex.swift */; };
		0762C925207B98CE00F9F0A8 /* UIDevice+Hardware.swift in Sources */ = {isa = PBXBuildFile; fileRef = 0762C914207B98CE00F9F0A8 /* UIDevice+Hardware.swift */; };
		0762C926207B98CE00F9F0A8 /* UIEdgeInsets+AutoLayout.swift in Sources */ = {isa = PBXBuildFile; fileRef = 0762C915207B98CE00F9F0A8 /* UIEdgeInsets+AutoLayout.swift */; };
		0762C927207B98CE00F9F0A8 /* UIImageView+AnimatedImageChange.swift in Sources */ = {isa = PBXBuildFile; fileRef = 0762C916207B98CE00F9F0A8 /* UIImageView+AnimatedImageChange.swift */; };
		0762C928207B98CE00F9F0A8 /* UIApplication+AppStore.swift in Sources */ = {isa = PBXBuildFile; fileRef = 0762C917207B98CE00F9F0A8 /* UIApplication+AppStore.swift */; };
		0762C929207B98CE00F9F0A8 /* UIView+AutoLayout.swift in Sources */ = {isa = PBXBuildFile; fileRef = 0762C918207B98CE00F9F0A8 /* UIView+AutoLayout.swift */; };
		0762C92A207B98CE00F9F0A8 /* UIEdgeInsets+Init.swift in Sources */ = {isa = PBXBuildFile; fileRef = 0762C919207B98CE00F9F0A8 /* UIEdgeInsets+Init.swift */; };
		0762C92B207B98CE00F9F0A8 /* CALayer+AnimationKey.swift in Sources */ = {isa = PBXBuildFile; fileRef = 0762C91A207B98CE00F9F0A8 /* CALayer+AnimationKey.swift */; };
		0762C92C207B98CE00F9F0A8 /* CGRect+Helpers.swift in Sources */ = {isa = PBXBuildFile; fileRef = 0762C91B207B98CE00F9F0A8 /* CGRect+Helpers.swift */; };
		0762C92D207B98CE00F9F0A8 /* UIResponder+FirstResponder.swift in Sources */ = {isa = PBXBuildFile; fileRef = 0762C91C207B98CE00F9F0A8 /* UIResponder+FirstResponder.swift */; };
		0762C92E207B98CE00F9F0A8 /* UIScrollView+Keyboard.swift in Sources */ = {isa = PBXBuildFile; fileRef = 0762C91D207B98CE00F9F0A8 /* UIScrollView+Keyboard.swift */; };
		0762C92F207B98CE00F9F0A8 /* UITableView+AnimatedArrayUpdate.swift in Sources */ = {isa = PBXBuildFile; fileRef = 0762C91E207B98CE00F9F0A8 /* UITableView+AnimatedArrayUpdate.swift */; };
		0762C931207B98F400F9F0A8 /* NotificationType.swift in Sources */ = {isa = PBXBuildFile; fileRef = 0762C930207B98F400F9F0A8 /* NotificationType.swift */; };
		0762C939207B990F00F9F0A8 /* Label.swift in Sources */ = {isa = PBXBuildFile; fileRef = 0762C933207B990F00F9F0A8 /* Label.swift */; };
		0762C93A207B990F00F9F0A8 /* TouchAwareControl.swift in Sources */ = {isa = PBXBuildFile; fileRef = 0762C934207B990F00F9F0A8 /* TouchAwareControl.swift */; };
		0762C93B207B990F00F9F0A8 /* ProgressIndicatorView.swift in Sources */ = {isa = PBXBuildFile; fileRef = 0762C935207B990F00F9F0A8 /* ProgressIndicatorView.swift */; };
		0762C93C207B990F00F9F0A8 /* NotificationView.swift in Sources */ = {isa = PBXBuildFile; fileRef = 0762C937207B990F00F9F0A8 /* NotificationView.swift */; };
		0762C93D207B990F00F9F0A8 /* TextNotificationView.swift in Sources */ = {isa = PBXBuildFile; fileRef = 0762C938207B990F00F9F0A8 /* TextNotificationView.swift */; };
		0762C946207B994B00F9F0A8 /* LicenseDetailViewController.swift in Sources */ = {isa = PBXBuildFile; fileRef = 0762C940207B994B00F9F0A8 /* LicenseDetailViewController.swift */; };
		0762C947207B994B00F9F0A8 /* LicensesTableViewController.swift in Sources */ = {isa = PBXBuildFile; fileRef = 0762C941207B994B00F9F0A8 /* LicensesTableViewController.swift */; };
		0762C948207B994B00F9F0A8 /* NotificationController.swift in Sources */ = {isa = PBXBuildFile; fileRef = 0762C943207B994B00F9F0A8 /* NotificationController.swift */; };
		0762C949207B994B00F9F0A8 /* NotificationAnimationController.swift in Sources */ = {isa = PBXBuildFile; fileRef = 0762C944207B994B00F9F0A8 /* NotificationAnimationController.swift */; };
		0762C94A207B994B00F9F0A8 /* NotificationPresentationController.swift in Sources */ = {isa = PBXBuildFile; fileRef = 0762C945207B994B00F9F0A8 /* NotificationPresentationController.swift */; };
		0762C94C207B998100F9F0A8 /* UIViewController+Foremost.swift in Sources */ = {isa = PBXBuildFile; fileRef = 0762C94B207B998100F9F0A8 /* UIViewController+Foremost.swift */; };
		077C040E20F8B3B50074BEFA /* SwiftSupport.swift in Sources */ = {isa = PBXBuildFile; fileRef = 077C040D20F8B3B50074BEFA /* SwiftSupport.swift */; };
		07A9C78D19E3C7C4004ABC10 /* FFUIKit.h in Headers */ = {isa = PBXBuildFile; fileRef = 07A9C78C19E3C7C4004ABC10 /* FFUIKit.h */; settings = {ATTRIBUTES = (Public, ); }; };
		07F2F45D1FB03B770064559C /* FFFoundation.framework in Frameworks */ = {isa = PBXBuildFile; fileRef = 07F2F45E1FB03B770064559C /* FFFoundation.framework */; };
		07F830031DAA7F7600DBCBAA /* FFUIKit_Tests.swift in Sources */ = {isa = PBXBuildFile; fileRef = 07F830021DAA7F7600DBCBAA /* FFUIKit_Tests.swift */; };
		07F830051DAA7F7600DBCBAA /* FFUIKit.framework in Frameworks */ = {isa = PBXBuildFile; fileRef = 07A9C78719E3C7C4004ABC10 /* FFUIKit.framework */; };
/* End PBXBuildFile section */

/* Begin PBXContainerItemProxy section */
		07F830061DAA7F7600DBCBAA /* PBXContainerItemProxy */ = {
			isa = PBXContainerItemProxy;
			containerPortal = 07A9C77E19E3C7C4004ABC10 /* Project object */;
			proxyType = 1;
			remoteGlobalIDString = 07A9C78619E3C7C4004ABC10;
			remoteInfo = FFUIKit;
		};
/* End PBXContainerItemProxy section */

/* Begin PBXFileReference section */
		0747F31A210B519C009BFDAD /* Logging.swift */ = {isa = PBXFileReference; lastKnownFileType = sourcecode.swift; path = Logging.swift; sourceTree = "<group>"; };
		0762C905207B988B00F9F0A8 /* License.swift */ = {isa = PBXFileReference; fileEncoding = 4; lastKnownFileType = sourcecode.swift; path = License.swift; sourceTree = "<group>"; };
		0762C906207B988B00F9F0A8 /* LayoutGuide.swift */ = {isa = PBXFileReference; fileEncoding = 4; lastKnownFileType = sourcecode.swift; path = LayoutGuide.swift; sourceTree = "<group>"; };
		0762C907207B988B00F9F0A8 /* ColorComponents.swift */ = {isa = PBXFileReference; fileEncoding = 4; lastKnownFileType = sourcecode.swift; path = ColorComponents.swift; sourceTree = "<group>"; };
		0762C90D207B98CE00F9F0A8 /* UIImage+CorderRadius.swift */ = {isa = PBXFileReference; fileEncoding = 4; lastKnownFileType = sourcecode.swift; path = "UIImage+CorderRadius.swift"; sourceTree = "<group>"; };
		0762C90E207B98CE00F9F0A8 /* UIImage+Colors.swift */ = {isa = PBXFileReference; fileEncoding = 4; lastKnownFileType = sourcecode.swift; path = "UIImage+Colors.swift"; sourceTree = "<group>"; };
		0762C90F207B98CE00F9F0A8 /* UIImage+ColorImages.swift */ = {isa = PBXFileReference; fileEncoding = 4; lastKnownFileType = sourcecode.swift; path = "UIImage+ColorImages.swift"; sourceTree = "<group>"; };
		0762C910207B98CE00F9F0A8 /* UIImage+FixOrientation.swift */ = {isa = PBXFileReference; fileEncoding = 4; lastKnownFileType = sourcecode.swift; path = "UIImage+FixOrientation.swift"; sourceTree = "<group>"; };
		0762C912207B98CE00F9F0A8 /* UIColor+ColorComponents.swift */ = {isa = PBXFileReference; fileEncoding = 4; lastKnownFileType = sourcecode.swift; path = "UIColor+ColorComponents.swift"; sourceTree = "<group>"; };
		0762C913207B98CE00F9F0A8 /* UIColor+Hex.swift */ = {isa = PBXFileReference; fileEncoding = 4; lastKnownFileType = sourcecode.swift; path = "UIColor+Hex.swift"; sourceTree = "<group>"; };
		0762C914207B98CE00F9F0A8 /* UIDevice+Hardware.swift */ = {isa = PBXFileReference; fileEncoding = 4; lastKnownFileType = sourcecode.swift; path = "UIDevice+Hardware.swift"; sourceTree = "<group>"; };
		0762C915207B98CE00F9F0A8 /* UIEdgeInsets+AutoLayout.swift */ = {isa = PBXFileReference; fileEncoding = 4; lastKnownFileType = sourcecode.swift; path = "UIEdgeInsets+AutoLayout.swift"; sourceTree = "<group>"; };
		0762C916207B98CE00F9F0A8 /* UIImageView+AnimatedImageChange.swift */ = {isa = PBXFileReference; fileEncoding = 4; lastKnownFileType = sourcecode.swift; path = "UIImageView+AnimatedImageChange.swift"; sourceTree = "<group>"; };
		0762C917207B98CE00F9F0A8 /* UIApplication+AppStore.swift */ = {isa = PBXFileReference; fileEncoding = 4; lastKnownFileType = sourcecode.swift; path = "UIApplication+AppStore.swift"; sourceTree = "<group>"; };
		0762C918207B98CE00F9F0A8 /* UIView+AutoLayout.swift */ = {isa = PBXFileReference; fileEncoding = 4; lastKnownFileType = sourcecode.swift; path = "UIView+AutoLayout.swift"; sourceTree = "<group>"; };
		0762C919207B98CE00F9F0A8 /* UIEdgeInsets+Init.swift */ = {isa = PBXFileReference; fileEncoding = 4; lastKnownFileType = sourcecode.swift; path = "UIEdgeInsets+Init.swift"; sourceTree = "<group>"; };
		0762C91A207B98CE00F9F0A8 /* CALayer+AnimationKey.swift */ = {isa = PBXFileReference; fileEncoding = 4; lastKnownFileType = sourcecode.swift; path = "CALayer+AnimationKey.swift"; sourceTree = "<group>"; };
		0762C91B207B98CE00F9F0A8 /* CGRect+Helpers.swift */ = {isa = PBXFileReference; fileEncoding = 4; lastKnownFileType = sourcecode.swift; path = "CGRect+Helpers.swift"; sourceTree = "<group>"; };
		0762C91C207B98CE00F9F0A8 /* UIResponder+FirstResponder.swift */ = {isa = PBXFileReference; fileEncoding = 4; lastKnownFileType = sourcecode.swift; path = "UIResponder+FirstResponder.swift"; sourceTree = "<group>"; };
		0762C91D207B98CE00F9F0A8 /* UIScrollView+Keyboard.swift */ = {isa = PBXFileReference; fileEncoding = 4; lastKnownFileType = sourcecode.swift; path = "UIScrollView+Keyboard.swift"; sourceTree = "<group>"; };
		0762C91E207B98CE00F9F0A8 /* UITableView+AnimatedArrayUpdate.swift */ = {isa = PBXFileReference; fileEncoding = 4; lastKnownFileType = sourcecode.swift; path = "UITableView+AnimatedArrayUpdate.swift"; sourceTree = "<group>"; };
		0762C930207B98F400F9F0A8 /* NotificationType.swift */ = {isa = PBXFileReference; fileEncoding = 4; lastKnownFileType = sourcecode.swift; path = NotificationType.swift; sourceTree = "<group>"; };
		0762C933207B990F00F9F0A8 /* Label.swift */ = {isa = PBXFileReference; fileEncoding = 4; lastKnownFileType = sourcecode.swift; path = Label.swift; sourceTree = "<group>"; };
		0762C934207B990F00F9F0A8 /* TouchAwareControl.swift */ = {isa = PBXFileReference; fileEncoding = 4; lastKnownFileType = sourcecode.swift; path = TouchAwareControl.swift; sourceTree = "<group>"; };
		0762C935207B990F00F9F0A8 /* ProgressIndicatorView.swift */ = {isa = PBXFileReference; fileEncoding = 4; lastKnownFileType = sourcecode.swift; path = ProgressIndicatorView.swift; sourceTree = "<group>"; };
		0762C937207B990F00F9F0A8 /* NotificationView.swift */ = {isa = PBXFileReference; fileEncoding = 4; lastKnownFileType = sourcecode.swift; path = NotificationView.swift; sourceTree = "<group>"; };
		0762C938207B990F00F9F0A8 /* TextNotificationView.swift */ = {isa = PBXFileReference; fileEncoding = 4; lastKnownFileType = sourcecode.swift; path = TextNotificationView.swift; sourceTree = "<group>"; };
		0762C940207B994B00F9F0A8 /* LicenseDetailViewController.swift */ = {isa = PBXFileReference; fileEncoding = 4; lastKnownFileType = sourcecode.swift; path = LicenseDetailViewController.swift; sourceTree = "<group>"; };
		0762C941207B994B00F9F0A8 /* LicensesTableViewController.swift */ = {isa = PBXFileReference; fileEncoding = 4; lastKnownFileType = sourcecode.swift; path = LicensesTableViewController.swift; sourceTree = "<group>"; };
		0762C943207B994B00F9F0A8 /* NotificationController.swift */ = {isa = PBXFileReference; fileEncoding = 4; lastKnownFileType = sourcecode.swift; path = NotificationController.swift; sourceTree = "<group>"; };
		0762C944207B994B00F9F0A8 /* NotificationAnimationController.swift */ = {isa = PBXFileReference; fileEncoding = 4; lastKnownFileType = sourcecode.swift; path = NotificationAnimationController.swift; sourceTree = "<group>"; };
		0762C945207B994B00F9F0A8 /* NotificationPresentationController.swift */ = {isa = PBXFileReference; fileEncoding = 4; lastKnownFileType = sourcecode.swift; path = NotificationPresentationController.swift; sourceTree = "<group>"; };
		0762C94B207B998100F9F0A8 /* UIViewController+Foremost.swift */ = {isa = PBXFileReference; lastKnownFileType = sourcecode.swift; path = "UIViewController+Foremost.swift"; sourceTree = "<group>"; };
		077C040D20F8B3B50074BEFA /* SwiftSupport.swift */ = {isa = PBXFileReference; lastKnownFileType = sourcecode.swift; path = SwiftSupport.swift; sourceTree = "<group>"; };
		07A9C78719E3C7C4004ABC10 /* FFUIKit.framework */ = {isa = PBXFileReference; explicitFileType = wrapper.framework; includeInIndex = 0; path = FFUIKit.framework; sourceTree = BUILT_PRODUCTS_DIR; };
		07A9C78B19E3C7C4004ABC10 /* Info.plist */ = {isa = PBXFileReference; lastKnownFileType = text.plist.xml; path = Info.plist; sourceTree = "<group>"; };
		07A9C78C19E3C7C4004ABC10 /* FFUIKit.h */ = {isa = PBXFileReference; lastKnownFileType = sourcecode.c.h; path = FFUIKit.h; sourceTree = "<group>"; };
		07F2F45E1FB03B770064559C /* FFFoundation.framework */ = {isa = PBXFileReference; explicitFileType = wrapper.framework; path = FFFoundation.framework; sourceTree = BUILT_PRODUCTS_DIR; };
		07F830001DAA7F7600DBCBAA /* FFUIKit Tests.xctest */ = {isa = PBXFileReference; explicitFileType = wrapper.cfbundle; includeInIndex = 0; path = "FFUIKit Tests.xctest"; sourceTree = BUILT_PRODUCTS_DIR; };
		07F830021DAA7F7600DBCBAA /* FFUIKit_Tests.swift */ = {isa = PBXFileReference; lastKnownFileType = sourcecode.swift; path = FFUIKit_Tests.swift; sourceTree = "<group>"; };
		07F830041DAA7F7600DBCBAA /* Info.plist */ = {isa = PBXFileReference; lastKnownFileType = text.plist.xml; path = Info.plist; sourceTree = "<group>"; };
/* End PBXFileReference section */

/* Begin PBXFrameworksBuildPhase section */
		07A9C78319E3C7C4004ABC10 /* Frameworks */ = {
			isa = PBXFrameworksBuildPhase;
			buildActionMask = 2147483647;
			files = (
				07F2F45D1FB03B770064559C /* FFFoundation.framework in Frameworks */,
			);
			runOnlyForDeploymentPostprocessing = 0;
		};
		07F82FFD1DAA7F7600DBCBAA /* Frameworks */ = {
			isa = PBXFrameworksBuildPhase;
			buildActionMask = 2147483647;
			files = (
				07F830051DAA7F7600DBCBAA /* FFUIKit.framework in Frameworks */,
			);
			runOnlyForDeploymentPostprocessing = 0;
		};
/* End PBXFrameworksBuildPhase section */

/* Begin PBXGroup section */
		0762C904207B988B00F9F0A8 /* Model */ = {
			isa = PBXGroup;
			children = (
				0762C907207B988B00F9F0A8 /* ColorComponents.swift */,
				0762C906207B988B00F9F0A8 /* LayoutGuide.swift */,
				0762C905207B988B00F9F0A8 /* License.swift */,
				0762C930207B98F400F9F0A8 /* NotificationType.swift */,
			);
			path = Model;
			sourceTree = "<group>";
		};
		0762C90B207B98CE00F9F0A8 /* Extensions */ = {
			isa = PBXGroup;
			children = (
				0762C911207B98CE00F9F0A8 /* UIColor */,
				0762C90C207B98CE00F9F0A8 /* UIImage */,
				0762C91A207B98CE00F9F0A8 /* CALayer+AnimationKey.swift */,
				0762C91B207B98CE00F9F0A8 /* CGRect+Helpers.swift */,
				077C040D20F8B3B50074BEFA /* SwiftSupport.swift */,
				0762C917207B98CE00F9F0A8 /* UIApplication+AppStore.swift */,
				0762C914207B98CE00F9F0A8 /* UIDevice+Hardware.swift */,
				0762C915207B98CE00F9F0A8 /* UIEdgeInsets+AutoLayout.swift */,
				0762C919207B98CE00F9F0A8 /* UIEdgeInsets+Init.swift */,
				0762C916207B98CE00F9F0A8 /* UIImageView+AnimatedImageChange.swift */,
				0762C91C207B98CE00F9F0A8 /* UIResponder+FirstResponder.swift */,
				0762C91D207B98CE00F9F0A8 /* UIScrollView+Keyboard.swift */,
				0762C91E207B98CE00F9F0A8 /* UITableView+AnimatedArrayUpdate.swift */,
				0762C918207B98CE00F9F0A8 /* UIView+AutoLayout.swift */,
				0762C94B207B998100F9F0A8 /* UIViewController+Foremost.swift */,
			);
			path = Extensions;
			sourceTree = "<group>";
		};
		0762C90C207B98CE00F9F0A8 /* UIImage */ = {
			isa = PBXGroup;
			children = (
				0762C90F207B98CE00F9F0A8 /* UIImage+ColorImages.swift */,
				0762C90E207B98CE00F9F0A8 /* UIImage+Colors.swift */,
				0762C90D207B98CE00F9F0A8 /* UIImage+CorderRadius.swift */,
				0762C910207B98CE00F9F0A8 /* UIImage+FixOrientation.swift */,
			);
			path = UIImage;
			sourceTree = "<group>";
		};
		0762C911207B98CE00F9F0A8 /* UIColor */ = {
			isa = PBXGroup;
			children = (
				0762C912207B98CE00F9F0A8 /* UIColor+ColorComponents.swift */,
				0762C913207B98CE00F9F0A8 /* UIColor+Hex.swift */,
			);
			path = UIColor;
			sourceTree = "<group>";
		};
		0762C932207B990F00F9F0A8 /* Views */ = {
			isa = PBXGroup;
			children = (
				0762C936207B990F00F9F0A8 /* Notifications */,
				0762C933207B990F00F9F0A8 /* Label.swift */,
				0762C935207B990F00F9F0A8 /* ProgressIndicatorView.swift */,
				0762C934207B990F00F9F0A8 /* TouchAwareControl.swift */,
			);
			path = Views;
			sourceTree = "<group>";
		};
		0762C936207B990F00F9F0A8 /* Notifications */ = {
			isa = PBXGroup;
			children = (
				0762C937207B990F00F9F0A8 /* NotificationView.swift */,
				0762C938207B990F00F9F0A8 /* TextNotificationView.swift */,
			);
			path = Notifications;
			sourceTree = "<group>";
		};
		0762C93E207B994B00F9F0A8 /* ViewControllers */ = {
			isa = PBXGroup;
			children = (
				0762C93F207B994B00F9F0A8 /* Licenses */,
				0762C942207B994B00F9F0A8 /* Notifications */,
			);
			path = ViewControllers;
			sourceTree = "<group>";
		};
		0762C93F207B994B00F9F0A8 /* Licenses */ = {
			isa = PBXGroup;
			children = (
				0762C940207B994B00F9F0A8 /* LicenseDetailViewController.swift */,
				0762C941207B994B00F9F0A8 /* LicensesTableViewController.swift */,
			);
			path = Licenses;
			sourceTree = "<group>";
		};
		0762C942207B994B00F9F0A8 /* Notifications */ = {
			isa = PBXGroup;
			children = (
				0762C944207B994B00F9F0A8 /* NotificationAnimationController.swift */,
				0762C943207B994B00F9F0A8 /* NotificationController.swift */,
				0762C945207B994B00F9F0A8 /* NotificationPresentationController.swift */,
			);
			path = Notifications;
			sourceTree = "<group>";
		};
		07A9C77D19E3C7C4004ABC10 = {
			isa = PBXGroup;
			children = (
				07A9C78919E3C7C4004ABC10 /* FFUIKit */,
				07F830011DAA7F7600DBCBAA /* FFUIKit Tests */,
				07A9C78819E3C7C4004ABC10 /* Products */,
				07F2F45C1FB03B770064559C /* Frameworks */,
			);
			sourceTree = "<group>";
		};
		07A9C78819E3C7C4004ABC10 /* Products */ = {
			isa = PBXGroup;
			children = (
				07A9C78719E3C7C4004ABC10 /* FFUIKit.framework */,
				07F830001DAA7F7600DBCBAA /* FFUIKit Tests.xctest */,
			);
			name = Products;
			sourceTree = "<group>";
		};
		07A9C78919E3C7C4004ABC10 /* FFUIKit */ = {
			isa = PBXGroup;
			children = (
				0762C90B207B98CE00F9F0A8 /* Extensions */,
				0762C904207B988B00F9F0A8 /* Model */,
				0762C932207B990F00F9F0A8 /* Views */,
				0762C93E207B994B00F9F0A8 /* ViewControllers */,
				07A9C78C19E3C7C4004ABC10 /* FFUIKit.h */,
				07A9C78A19E3C7C4004ABC10 /* Supporting Files */,
				0747F31A210B519C009BFDAD /* Logging.swift */,
			);
			path = FFUIKit;
			sourceTree = "<group>";
		};
		07A9C78A19E3C7C4004ABC10 /* Supporting Files */ = {
			isa = PBXGroup;
			children = (
				07A9C78B19E3C7C4004ABC10 /* Info.plist */,
			);
			name = "Supporting Files";
			sourceTree = "<group>";
		};
		07F2F45C1FB03B770064559C /* Frameworks */ = {
			isa = PBXGroup;
			children = (
				07F2F45E1FB03B770064559C /* FFFoundation.framework */,
			);
			name = Frameworks;
			sourceTree = "<group>";
		};
		07F830011DAA7F7600DBCBAA /* FFUIKit Tests */ = {
			isa = PBXGroup;
			children = (
				07F830021DAA7F7600DBCBAA /* FFUIKit_Tests.swift */,
				07F830041DAA7F7600DBCBAA /* Info.plist */,
			);
			path = "FFUIKit Tests";
			sourceTree = "<group>";
		};
/* End PBXGroup section */

/* Begin PBXHeadersBuildPhase section */
		07A9C78419E3C7C4004ABC10 /* Headers */ = {
			isa = PBXHeadersBuildPhase;
			buildActionMask = 2147483647;
			files = (
				07A9C78D19E3C7C4004ABC10 /* FFUIKit.h in Headers */,
			);
			runOnlyForDeploymentPostprocessing = 0;
		};
/* End PBXHeadersBuildPhase section */

/* Begin PBXNativeTarget section */
		07A9C78619E3C7C4004ABC10 /* FFUIKit */ = {
			isa = PBXNativeTarget;
			buildConfigurationList = 07A9C79A19E3C7C4004ABC10 /* Build configuration list for PBXNativeTarget "FFUIKit" */;
			buildPhases = (
				07A9C78219E3C7C4004ABC10 /* Sources */,
				07A9C78319E3C7C4004ABC10 /* Frameworks */,
				07A9C78419E3C7C4004ABC10 /* Headers */,
				07A9C78519E3C7C4004ABC10 /* Resources */,
			);
			buildRules = (
			);
			dependencies = (
			);
			name = FFUIKit;
			productName = FFUIKit;
			productReference = 07A9C78719E3C7C4004ABC10 /* FFUIKit.framework */;
			productType = "com.apple.product-type.framework";
		};
		07F82FFF1DAA7F7600DBCBAA /* FFUIKit Tests */ = {
			isa = PBXNativeTarget;
			buildConfigurationList = 07F830081DAA7F7600DBCBAA /* Build configuration list for PBXNativeTarget "FFUIKit Tests" */;
			buildPhases = (
				07F82FFC1DAA7F7600DBCBAA /* Sources */,
				07F82FFD1DAA7F7600DBCBAA /* Frameworks */,
				07F82FFE1DAA7F7600DBCBAA /* Resources */,
			);
			buildRules = (
			);
			dependencies = (
				07F830071DAA7F7600DBCBAA /* PBXTargetDependency */,
			);
			name = "FFUIKit Tests";
			productName = "FFUIKit Tests";
			productReference = 07F830001DAA7F7600DBCBAA /* FFUIKit Tests.xctest */;
			productType = "com.apple.product-type.bundle.unit-test";
		};
/* End PBXNativeTarget section */

/* Begin PBXProject section */
		07A9C77E19E3C7C4004ABC10 /* Project object */ = {
			isa = PBXProject;
			attributes = {
				LastSwiftUpdateCheck = 0800;
				LastUpgradeCheck = 0930;
				ORGANIZATIONNAME = "Florian Friedrich";
				TargetAttributes = {
					07A9C78619E3C7C4004ABC10 = {
						CreatedOnToolsVersion = 6.0.1;
						DevelopmentTeamName = "Florian Friedrich";
						LastSwiftMigration = 0800;
						ProvisioningStyle = Automatic;
					};
					07F82FFF1DAA7F7600DBCBAA = {
						CreatedOnToolsVersion = 8.0;
						DevelopmentTeam = 8AVR59FNSV;
						ProvisioningStyle = Automatic;
					};
				};
			};
			buildConfigurationList = 07A9C78119E3C7C4004ABC10 /* Build configuration list for PBXProject "FFUIKit" */;
			compatibilityVersion = "Xcode 9.3";
			developmentRegion = English;
			hasScannedForEncodings = 0;
			knownRegions = (
				en,
			);
			mainGroup = 07A9C77D19E3C7C4004ABC10;
			productRefGroup = 07A9C78819E3C7C4004ABC10 /* Products */;
			projectDirPath = "";
			projectRoot = "";
			targets = (
				07A9C78619E3C7C4004ABC10 /* FFUIKit */,
				07F82FFF1DAA7F7600DBCBAA /* FFUIKit Tests */,
			);
		};
/* End PBXProject section */

/* Begin PBXResourcesBuildPhase section */
		07A9C78519E3C7C4004ABC10 /* Resources */ = {
			isa = PBXResourcesBuildPhase;
			buildActionMask = 2147483647;
			files = (
			);
			runOnlyForDeploymentPostprocessing = 0;
		};
		07F82FFE1DAA7F7600DBCBAA /* Resources */ = {
			isa = PBXResourcesBuildPhase;
			buildActionMask = 2147483647;
			files = (
			);
			runOnlyForDeploymentPostprocessing = 0;
		};
/* End PBXResourcesBuildPhase section */

/* Begin PBXSourcesBuildPhase section */
		07A9C78219E3C7C4004ABC10 /* Sources */ = {
			isa = PBXSourcesBuildPhase;
			buildActionMask = 2147483647;
			files = (
				0762C948207B994B00F9F0A8 /* NotificationController.swift in Sources */,
				0762C924207B98CE00F9F0A8 /* UIColor+Hex.swift in Sources */,
				0762C922207B98CE00F9F0A8 /* UIImage+FixOrientation.swift in Sources */,
				0762C92E207B98CE00F9F0A8 /* UIScrollView+Keyboard.swift in Sources */,
				0762C921207B98CE00F9F0A8 /* UIImage+ColorImages.swift in Sources */,
				0762C92D207B98CE00F9F0A8 /* UIResponder+FirstResponder.swift in Sources */,
				0762C93C207B990F00F9F0A8 /* NotificationView.swift in Sources */,
				0762C93A207B990F00F9F0A8 /* TouchAwareControl.swift in Sources */,
				0762C929207B98CE00F9F0A8 /* UIView+AutoLayout.swift in Sources */,
				0762C92A207B98CE00F9F0A8 /* UIEdgeInsets+Init.swift in Sources */,
				0762C94A207B994B00F9F0A8 /* NotificationPresentationController.swift in Sources */,
				0762C926207B98CE00F9F0A8 /* UIEdgeInsets+AutoLayout.swift in Sources */,
				0762C927207B98CE00F9F0A8 /* UIImageView+AnimatedImageChange.swift in Sources */,
				0762C92B207B98CE00F9F0A8 /* CALayer+AnimationKey.swift in Sources */,
				0762C92F207B98CE00F9F0A8 /* UITableView+AnimatedArrayUpdate.swift in Sources */,
				0762C91F207B98CE00F9F0A8 /* UIImage+CorderRadius.swift in Sources */,
				0762C947207B994B00F9F0A8 /* LicensesTableViewController.swift in Sources */,
				0762C94C207B998100F9F0A8 /* UIViewController+Foremost.swift in Sources */,
				0762C920207B98CE00F9F0A8 /* UIImage+Colors.swift in Sources */,
				0762C908207B988C00F9F0A8 /* License.swift in Sources */,
				0762C923207B98CE00F9F0A8 /* UIColor+ColorComponents.swift in Sources */,
				0747F31B210B519C009BFDAD /* Logging.swift in Sources */,
				0762C949207B994B00F9F0A8 /* NotificationAnimationController.swift in Sources */,
				0762C90A207B988C00F9F0A8 /* ColorComponents.swift in Sources */,
				0762C93B207B990F00F9F0A8 /* ProgressIndicatorView.swift in Sources */,
				0762C92C207B98CE00F9F0A8 /* CGRect+Helpers.swift in Sources */,
				0762C909207B988C00F9F0A8 /* LayoutGuide.swift in Sources */,
				0762C928207B98CE00F9F0A8 /* UIApplication+AppStore.swift in Sources */,
				0762C946207B994B00F9F0A8 /* LicenseDetailViewController.swift in Sources */,
				0762C93D207B990F00F9F0A8 /* TextNotificationView.swift in Sources */,
				0762C931207B98F400F9F0A8 /* NotificationType.swift in Sources */,
				077C040E20F8B3B50074BEFA /* SwiftSupport.swift in Sources */,
				0762C939207B990F00F9F0A8 /* Label.swift in Sources */,
				0762C925207B98CE00F9F0A8 /* UIDevice+Hardware.swift in Sources */,
			);
			runOnlyForDeploymentPostprocessing = 0;
		};
		07F82FFC1DAA7F7600DBCBAA /* Sources */ = {
			isa = PBXSourcesBuildPhase;
			buildActionMask = 2147483647;
			files = (
				07F830031DAA7F7600DBCBAA /* FFUIKit_Tests.swift in Sources */,
			);
			runOnlyForDeploymentPostprocessing = 0;
		};
/* End PBXSourcesBuildPhase section */

/* Begin PBXTargetDependency section */
		07F830071DAA7F7600DBCBAA /* PBXTargetDependency */ = {
			isa = PBXTargetDependency;
			target = 07A9C78619E3C7C4004ABC10 /* FFUIKit */;
			targetProxy = 07F830061DAA7F7600DBCBAA /* PBXContainerItemProxy */;
		};
/* End PBXTargetDependency section */

/* Begin XCBuildConfiguration section */
		07A9C79819E3C7C4004ABC10 /* Debug */ = {
			isa = XCBuildConfiguration;
			buildSettings = {
				ALWAYS_SEARCH_USER_PATHS = NO;
				CLANG_CXX_LANGUAGE_STANDARD = "gnu++0x";
				CLANG_CXX_LIBRARY = "libc++";
				CLANG_ENABLE_MODULES = YES;
				CLANG_ENABLE_OBJC_ARC = YES;
				CLANG_WARN_BLOCK_CAPTURE_AUTORELEASING = YES;
				CLANG_WARN_BOOL_CONVERSION = YES;
				CLANG_WARN_COMMA = YES;
				CLANG_WARN_CONSTANT_CONVERSION = YES;
				CLANG_WARN_DEPRECATED_OBJC_IMPLEMENTATIONS = YES;
				CLANG_WARN_DIRECT_OBJC_ISA_USAGE = YES_ERROR;
				CLANG_WARN_EMPTY_BODY = YES;
				CLANG_WARN_ENUM_CONVERSION = YES;
				CLANG_WARN_INFINITE_RECURSION = YES;
				CLANG_WARN_INT_CONVERSION = YES;
				CLANG_WARN_NON_LITERAL_NULL_CONVERSION = YES;
				CLANG_WARN_OBJC_IMPLICIT_RETAIN_SELF = YES;
				CLANG_WARN_OBJC_LITERAL_CONVERSION = YES;
				CLANG_WARN_OBJC_ROOT_CLASS = YES_ERROR;
				CLANG_WARN_RANGE_LOOP_ANALYSIS = YES;
				CLANG_WARN_STRICT_PROTOTYPES = YES;
				CLANG_WARN_SUSPICIOUS_MOVE = YES;
				CLANG_WARN_UNREACHABLE_CODE = YES;
				CLANG_WARN__DUPLICATE_METHOD_MATCH = YES;
				CODE_SIGN_IDENTITY = "iPhone Developer";
				COPY_PHASE_STRIP = NO;
				CURRENT_PROJECT_VERSION = 1;
				ENABLE_STRICT_OBJC_MSGSEND = YES;
				ENABLE_TESTABILITY = YES;
				GCC_C_LANGUAGE_STANDARD = gnu99;
				GCC_DYNAMIC_NO_PIC = NO;
				GCC_NO_COMMON_BLOCKS = YES;
				GCC_OPTIMIZATION_LEVEL = 0;
				GCC_PREPROCESSOR_DEFINITIONS = (
					"DEBUG=1",
					"$(inherited)",
				);
				GCC_SYMBOLS_PRIVATE_EXTERN = NO;
				GCC_WARN_64_TO_32_BIT_CONVERSION = YES;
				GCC_WARN_ABOUT_RETURN_TYPE = YES_ERROR;
				GCC_WARN_UNDECLARED_SELECTOR = YES;
				GCC_WARN_UNINITIALIZED_AUTOS = YES_AGGRESSIVE;
				GCC_WARN_UNUSED_FUNCTION = YES;
				GCC_WARN_UNUSED_VARIABLE = YES;
				IPHONEOS_DEPLOYMENT_TARGET = 10.0;
				MTL_ENABLE_DEBUG_INFO = YES;
				ONLY_ACTIVE_ARCH = YES;
				SDKROOT = iphoneos;
				SWIFT_VERSION = 4.0;
				TARGETED_DEVICE_FAMILY = "1,2";
				VERSIONING_SYSTEM = "apple-generic";
				VERSION_INFO_PREFIX = "";
			};
			name = Debug;
		};
		07A9C79919E3C7C4004ABC10 /* Release */ = {
			isa = XCBuildConfiguration;
			buildSettings = {
				ALWAYS_SEARCH_USER_PATHS = NO;
				CLANG_CXX_LANGUAGE_STANDARD = "gnu++0x";
				CLANG_CXX_LIBRARY = "libc++";
				CLANG_ENABLE_MODULES = YES;
				CLANG_ENABLE_OBJC_ARC = YES;
				CLANG_WARN_BLOCK_CAPTURE_AUTORELEASING = YES;
				CLANG_WARN_BOOL_CONVERSION = YES;
				CLANG_WARN_COMMA = YES;
				CLANG_WARN_CONSTANT_CONVERSION = YES;
				CLANG_WARN_DEPRECATED_OBJC_IMPLEMENTATIONS = YES;
				CLANG_WARN_DIRECT_OBJC_ISA_USAGE = YES_ERROR;
				CLANG_WARN_EMPTY_BODY = YES;
				CLANG_WARN_ENUM_CONVERSION = YES;
				CLANG_WARN_INFINITE_RECURSION = YES;
				CLANG_WARN_INT_CONVERSION = YES;
				CLANG_WARN_NON_LITERAL_NULL_CONVERSION = YES;
				CLANG_WARN_OBJC_IMPLICIT_RETAIN_SELF = YES;
				CLANG_WARN_OBJC_LITERAL_CONVERSION = YES;
				CLANG_WARN_OBJC_ROOT_CLASS = YES_ERROR;
				CLANG_WARN_RANGE_LOOP_ANALYSIS = YES;
				CLANG_WARN_STRICT_PROTOTYPES = YES;
				CLANG_WARN_SUSPICIOUS_MOVE = YES;
				CLANG_WARN_UNREACHABLE_CODE = YES;
				CLANG_WARN__DUPLICATE_METHOD_MATCH = YES;
				CODE_SIGN_IDENTITY = "iPhone Distribution";
				COPY_PHASE_STRIP = NO;
				CURRENT_PROJECT_VERSION = 1;
				ENABLE_NS_ASSERTIONS = NO;
				ENABLE_STRICT_OBJC_MSGSEND = YES;
				GCC_C_LANGUAGE_STANDARD = gnu99;
				GCC_NO_COMMON_BLOCKS = YES;
				GCC_WARN_64_TO_32_BIT_CONVERSION = YES;
				GCC_WARN_ABOUT_RETURN_TYPE = YES_ERROR;
				GCC_WARN_UNDECLARED_SELECTOR = YES;
				GCC_WARN_UNINITIALIZED_AUTOS = YES_AGGRESSIVE;
				GCC_WARN_UNUSED_FUNCTION = YES;
				GCC_WARN_UNUSED_VARIABLE = YES;
				IPHONEOS_DEPLOYMENT_TARGET = 10.0;
				MTL_ENABLE_DEBUG_INFO = NO;
				SDKROOT = iphoneos;
				SWIFT_COMPILATION_MODE = wholemodule;
				SWIFT_OPTIMIZATION_LEVEL = "-O";
				SWIFT_VERSION = 4.0;
				TARGETED_DEVICE_FAMILY = "1,2";
				VALIDATE_PRODUCT = YES;
				VERSIONING_SYSTEM = "apple-generic";
				VERSION_INFO_PREFIX = "";
			};
			name = Release;
		};
		07A9C79B19E3C7C4004ABC10 /* Debug */ = {
			isa = XCBuildConfiguration;
			buildSettings = {
				APPLICATION_EXTENSION_API_ONLY = YES;
				CLANG_ENABLE_MODULES = YES;
				"CODE_SIGN_IDENTITY[sdk=iphoneos*]" = "";
				DEFINES_MODULE = YES;
				DEVELOPMENT_TEAM = "";
				DYLIB_COMPATIBILITY_VERSION = 1;
				DYLIB_CURRENT_VERSION = 1;
				DYLIB_INSTALL_NAME_BASE = "@rpath";
				INFOPLIST_FILE = FFUIKit/Info.plist;
				INSTALL_PATH = "$(LOCAL_LIBRARY_DIR)/Frameworks";
				LD_RUNPATH_SEARCH_PATHS = (
					"$(inherited)",
					"@executable_path/Frameworks",
					"@loader_path/Frameworks",
				);
				PRODUCT_BUNDLE_IDENTIFIER = "net.ffried.$(PRODUCT_NAME:rfc1034identifier)";
				PRODUCT_NAME = "$(TARGET_NAME)";
				PROVISIONING_PROFILE_SPECIFIER = "";
				SKIP_INSTALL = YES;
				SWIFT_COMPILATION_MODE = singlefile;
				SWIFT_OPTIMIZATION_LEVEL = "-Onone";
			};
			name = Debug;
		};
		07A9C79C19E3C7C4004ABC10 /* Release */ = {
			isa = XCBuildConfiguration;
			buildSettings = {
				APPLICATION_EXTENSION_API_ONLY = YES;
				CLANG_ENABLE_MODULES = YES;
				"CODE_SIGN_IDENTITY[sdk=iphoneos*]" = "";
				DEFINES_MODULE = YES;
				DEVELOPMENT_TEAM = "";
				DYLIB_COMPATIBILITY_VERSION = 1;
				DYLIB_CURRENT_VERSION = 1;
				DYLIB_INSTALL_NAME_BASE = "@rpath";
				INFOPLIST_FILE = FFUIKit/Info.plist;
				INSTALL_PATH = "$(LOCAL_LIBRARY_DIR)/Frameworks";
				LD_RUNPATH_SEARCH_PATHS = (
					"$(inherited)",
					"@executable_path/Frameworks",
					"@loader_path/Frameworks",
				);
				PRODUCT_BUNDLE_IDENTIFIER = "net.ffried.$(PRODUCT_NAME:rfc1034identifier)";
				PRODUCT_NAME = "$(TARGET_NAME)";
				SKIP_INSTALL = YES;
				SWIFT_COMPILATION_MODE = wholemodule;
				SWIFT_OPTIMIZATION_LEVEL = "-O";
			};
			name = Release;
		};
		07F830091DAA7F7600DBCBAA /* Debug */ = {
			isa = XCBuildConfiguration;
			buildSettings = {
				CLANG_ANALYZER_NONNULL = YES;
				CLANG_WARN_DOCUMENTATION_COMMENTS = YES;
				CLANG_WARN_SUSPICIOUS_MOVES = YES;
				"CODE_SIGN_IDENTITY[sdk=iphoneos*]" = "iPhone Developer";
				DEBUG_INFORMATION_FORMAT = dwarf;
				DEVELOPMENT_TEAM = 8AVR59FNSV;
				INFOPLIST_FILE = "FFUIKit Tests/Info.plist";
				IPHONEOS_DEPLOYMENT_TARGET = 10.0;
				LD_RUNPATH_SEARCH_PATHS = (
					"$(inherited)",
					"@executable_path/Frameworks",
					"@loader_path/Frameworks",
				);
				PRODUCT_BUNDLE_IDENTIFIER = "net.ffried.FFUIKit-Tests";
				PRODUCT_NAME = "$(TARGET_NAME)";
				SWIFT_ACTIVE_COMPILATION_CONDITIONS = DEBUG;
				SWIFT_COMPILATION_MODE = singlefile;
				SWIFT_OPTIMIZATION_LEVEL = "-Onone";
			};
			name = Debug;
		};
		07F8300A1DAA7F7600DBCBAA /* Release */ = {
			isa = XCBuildConfiguration;
			buildSettings = {
				CLANG_ANALYZER_NONNULL = YES;
				CLANG_WARN_DOCUMENTATION_COMMENTS = YES;
				CLANG_WARN_SUSPICIOUS_MOVES = YES;
				"CODE_SIGN_IDENTITY[sdk=iphoneos*]" = "iPhone Developer";
				DEBUG_INFORMATION_FORMAT = "dwarf-with-dsym";
				DEVELOPMENT_TEAM = 8AVR59FNSV;
				INFOPLIST_FILE = "FFUIKit Tests/Info.plist";
				IPHONEOS_DEPLOYMENT_TARGET = 10.0;
				LD_RUNPATH_SEARCH_PATHS = (
					"$(inherited)",
					"@executable_path/Frameworks",
					"@loader_path/Frameworks",
				);
				PRODUCT_BUNDLE_IDENTIFIER = "net.ffried.FFUIKit-Tests";
				PRODUCT_NAME = "$(TARGET_NAME)";
			};
			name = Release;
		};
/* End XCBuildConfiguration section */

/* Begin XCConfigurationList section */
		07A9C78119E3C7C4004ABC10 /* Build configuration list for PBXProject "FFUIKit" */ = {
			isa = XCConfigurationList;
			buildConfigurations = (
				07A9C79819E3C7C4004ABC10 /* Debug */,
				07A9C79919E3C7C4004ABC10 /* Release */,
			);
			defaultConfigurationIsVisible = 0;
			defaultConfigurationName = Release;
		};
		07A9C79A19E3C7C4004ABC10 /* Build configuration list for PBXNativeTarget "FFUIKit" */ = {
			isa = XCConfigurationList;
			buildConfigurations = (
				07A9C79B19E3C7C4004ABC10 /* Debug */,
				07A9C79C19E3C7C4004ABC10 /* Release */,
			);
			defaultConfigurationIsVisible = 0;
			defaultConfigurationName = Release;
		};
		07F830081DAA7F7600DBCBAA /* Build configuration list for PBXNativeTarget "FFUIKit Tests" */ = {
			isa = XCConfigurationList;
			buildConfigurations = (
				07F830091DAA7F7600DBCBAA /* Debug */,
				07F8300A1DAA7F7600DBCBAA /* Release */,
			);
			defaultConfigurationIsVisible = 0;
			defaultConfigurationName = Release;
		};
/* End XCConfigurationList section */
	};
	rootObject = 07A9C77E19E3C7C4004ABC10 /* Project object */;
}
